// !$*UTF8*$!
{
	archiveVersion = 1;
	classes = {
	};
	objectVersion = 48;
	objects = {

/* Begin PBXBuildFile section */
		04040DE020034759009D3509 /* Unpack.m in Sources */ = {isa = PBXBuildFile; fileRef = 04040DDC20034758009D3509 /* Unpack.m */; };
		04040DE120034759009D3509 /* Pack.m in Sources */ = {isa = PBXBuildFile; fileRef = 04040DDD20034758009D3509 /* Pack.m */; };
		040D1E96200F3A9B0010FF47 /* LoginViewController.m in Sources */ = {isa = PBXBuildFile; fileRef = 040D1E95200F3A9B0010FF47 /* LoginViewController.m */; };
		04118BB31FFE23860054BC15 /* UpgradeOnlineViewController.m in Sources */ = {isa = PBXBuildFile; fileRef = 04118BB21FFE23860054BC15 /* UpgradeOnlineViewController.m */; };
		04118BB71FFE28A30054BC15 /* AdminHomeViewController.m in Sources */ = {isa = PBXBuildFile; fileRef = 04118BB61FFE28A30054BC15 /* AdminHomeViewController.m */; };
		04118BBA1FFE2BD90054BC15 /* UserHomeViewController.m in Sources */ = {isa = PBXBuildFile; fileRef = 04118BB91FFE2BD90054BC15 /* UserHomeViewController.m */; };
		04150EF82011971C007EAC85 /* GuideBindDeviceViewController.m in Sources */ = {isa = PBXBuildFile; fileRef = 04150EF72011971C007EAC85 /* GuideBindDeviceViewController.m */; };
		04150EFB2011C9DD007EAC85 /* SearchBLEViewController.m in Sources */ = {isa = PBXBuildFile; fileRef = 04150EFA2011C9DD007EAC85 /* SearchBLEViewController.m */; };
		04189E6020E33BD10007156C /* ContactUSTableViewController.m in Sources */ = {isa = PBXBuildFile; fileRef = 04189E5F20E33BD10007156C /* ContactUSTableViewController.m */; };
		041D426B1FFF232300EEA43C /* UIView+Tap.m in Sources */ = {isa = PBXBuildFile; fileRef = 041D426A1FFF232300EEA43C /* UIView+Tap.m */; };
		042B90BA20EB5AF600579CB5 /* HttpResponse.m in Sources */ = {isa = PBXBuildFile; fileRef = 042B90B720EB5AF600579CB5 /* HttpResponse.m */; };
		042B90BB20EB5AF600579CB5 /* NetWorkTool.m in Sources */ = {isa = PBXBuildFile; fileRef = 042B90B920EB5AF600579CB5 /* NetWorkTool.m */; };
		04349F512028292F001FFEC5 /* BLERecordViewController.m in Sources */ = {isa = PBXBuildFile; fileRef = 04349F502028292F001FFEC5 /* BLERecordViewController.m */; };
		043A38F6202AD66000835BDD /* AAChartModel.m in Sources */ = {isa = PBXBuildFile; fileRef = 043A38B3202AD66000835BDD /* AAChartModel.m */; };
		043A38F7202AD66000835BDD /* AAChartView.m in Sources */ = {isa = PBXBuildFile; fileRef = 043A38B5202AD66000835BDD /* AAChartView.m */; };
		043A38F8202AD66000835BDD /* AAJsonConverter.m in Sources */ = {isa = PBXBuildFile; fileRef = 043A38B8202AD66000835BDD /* AAJsonConverter.m */; };
		043A38F9202AD66000835BDD /* AAOptionsConstructor.m in Sources */ = {isa = PBXBuildFile; fileRef = 043A38BA202AD66000835BDD /* AAOptionsConstructor.m */; };
		043A38FA202AD66000835BDD /* AASeriesElement.m in Sources */ = {isa = PBXBuildFile; fileRef = 043A38BC202AD66000835BDD /* AASeriesElement.m */; };
		043A38FB202AD66000835BDD /* AAChartView.html in Resources */ = {isa = PBXBuildFile; fileRef = 043A38BE202AD66000835BDD /* AAChartView.html */; };
		043A38FC202AD66000835BDD /* AAFunnel.js in Resources */ = {isa = PBXBuildFile; fileRef = 043A38BF202AD66000835BDD /* AAFunnel.js */; };
		043A38FD202AD66000835BDD /* AAHighcharts-3d.js in Resources */ = {isa = PBXBuildFile; fileRef = 043A38C0202AD66000835BDD /* AAHighcharts-3d.js */; };
		043A38FE202AD66000835BDD /* AAHighchartsLib.js in Resources */ = {isa = PBXBuildFile; fileRef = 043A38C1202AD66000835BDD /* AAHighchartsLib.js */; };
		043A38FF202AD66000835BDD /* AAHighchartsMore.js in Resources */ = {isa = PBXBuildFile; fileRef = 043A38C2202AD66000835BDD /* AAHighchartsMore.js */; };
		043A3900202AD66000835BDD /* AAAnimation.m in Sources */ = {isa = PBXBuildFile; fileRef = 043A38C5202AD66000835BDD /* AAAnimation.m */; };
		043A3901202AD66000835BDD /* AAArea.m in Sources */ = {isa = PBXBuildFile; fileRef = 043A38C7202AD66000835BDD /* AAArea.m */; };
		043A3902202AD66000835BDD /* AAAreaspline.m in Sources */ = {isa = PBXBuildFile; fileRef = 043A38C9202AD66000835BDD /* AAAreaspline.m */; };
		043A3903202AD66000835BDD /* AABar.m in Sources */ = {isa = PBXBuildFile; fileRef = 043A38CB202AD66000835BDD /* AABar.m */; };
		043A3904202AD66000835BDD /* AAChart.m in Sources */ = {isa = PBXBuildFile; fileRef = 043A38CD202AD66000835BDD /* AAChart.m */; };
		043A3905202AD66000835BDD /* AAColumn.m in Sources */ = {isa = PBXBuildFile; fileRef = 043A38CF202AD66000835BDD /* AAColumn.m */; };
		043A3906202AD66000835BDD /* AADataLabels.m in Sources */ = {isa = PBXBuildFile; fileRef = 043A38D1202AD66000835BDD /* AADataLabels.m */; };
		043A3907202AD66000835BDD /* AAItemStyle.m in Sources */ = {isa = PBXBuildFile; fileRef = 043A38D3202AD66000835BDD /* AAItemStyle.m */; };
		043A3908202AD66000835BDD /* AALabels.m in Sources */ = {isa = PBXBuildFile; fileRef = 043A38D5202AD66000835BDD /* AALabels.m */; };
		043A3909202AD66000835BDD /* AALegend.m in Sources */ = {isa = PBXBuildFile; fileRef = 043A38D7202AD66000835BDD /* AALegend.m */; };
		043A390A202AD66000835BDD /* AALine.m in Sources */ = {isa = PBXBuildFile; fileRef = 043A38D9202AD66000835BDD /* AALine.m */; };
		043A390B202AD66000835BDD /* AAMarker.m in Sources */ = {isa = PBXBuildFile; fileRef = 043A38DB202AD66000835BDD /* AAMarker.m */; };
		043A390C202AD66000835BDD /* AAOptions.m in Sources */ = {isa = PBXBuildFile; fileRef = 043A38DD202AD66000835BDD /* AAOptions.m */; };
		043A390D202AD66000835BDD /* AAOptions3d.m in Sources */ = {isa = PBXBuildFile; fileRef = 043A38DF202AD66000835BDD /* AAOptions3d.m */; };
		043A390E202AD66000835BDD /* AAPie.m in Sources */ = {isa = PBXBuildFile; fileRef = 043A38E1202AD66000835BDD /* AAPie.m */; };
		043A390F202AD66000835BDD /* AAPlotLinesElement.m in Sources */ = {isa = PBXBuildFile; fileRef = 043A38E3202AD66000835BDD /* AAPlotLinesElement.m */; };
		043A3910202AD66000835BDD /* AAPlotOptions.m in Sources */ = {isa = PBXBuildFile; fileRef = 043A38E5202AD66000835BDD /* AAPlotOptions.m */; };
		043A3911202AD66000835BDD /* AASeries.m in Sources */ = {isa = PBXBuildFile; fileRef = 043A38E7202AD66000835BDD /* AASeries.m */; };
		043A3912202AD66000835BDD /* AASpline.m in Sources */ = {isa = PBXBuildFile; fileRef = 043A38E9202AD66000835BDD /* AASpline.m */; };
		043A3913202AD66000835BDD /* AAStyle.m in Sources */ = {isa = PBXBuildFile; fileRef = 043A38EB202AD66000835BDD /* AAStyle.m */; };
		043A3914202AD66000835BDD /* AASubtitle.m in Sources */ = {isa = PBXBuildFile; fileRef = 043A38ED202AD66000835BDD /* AASubtitle.m */; };
		043A3915202AD66000835BDD /* AATitle.m in Sources */ = {isa = PBXBuildFile; fileRef = 043A38EF202AD66000835BDD /* AATitle.m */; };
		043A3916202AD66000835BDD /* AATooltip.m in Sources */ = {isa = PBXBuildFile; fileRef = 043A38F1202AD66000835BDD /* AATooltip.m */; };
		043A3917202AD66000835BDD /* AAXAxis.m in Sources */ = {isa = PBXBuildFile; fileRef = 043A38F3202AD66000835BDD /* AAXAxis.m */; };
		043A3918202AD66000835BDD /* AAYAxis.m in Sources */ = {isa = PBXBuildFile; fileRef = 043A38F5202AD66000835BDD /* AAYAxis.m */; };
		043CA1912027E93200713A3C /* UIViewController+BackButtonHandler.m in Sources */ = {isa = PBXBuildFile; fileRef = 043CA1902027E93200713A3C /* UIViewController+BackButtonHandler.m */; };
		044C526220255C4600923060 /* PressParameterSetView.m in Sources */ = {isa = PBXBuildFile; fileRef = 044C526120255C4600923060 /* PressParameterSetView.m */; };
		044C526420255C6F00923060 /* PressParameterSetView.xib in Resources */ = {isa = PBXBuildFile; fileRef = 044C526320255C6F00923060 /* PressParameterSetView.xib */; };
		044E021A2124081C003B6C9D /* SettingViewController.m in Sources */ = {isa = PBXBuildFile; fileRef = 044E02192124081C003B6C9D /* SettingViewController.m */; };
		0451F0C72019BAB80001A9D4 /* LeftHeaderView.m in Sources */ = {isa = PBXBuildFile; fileRef = 0451F0C62019BAB80001A9D4 /* LeftHeaderView.m */; };
		0451F0CB2019BF310001A9D4 /* PersonalInfomationViewController.m in Sources */ = {isa = PBXBuildFile; fileRef = 0451F0CA2019BF300001A9D4 /* PersonalInfomationViewController.m */; };
		0451F0CE2019C1220001A9D4 /* EditTableViewController.m in Sources */ = {isa = PBXBuildFile; fileRef = 0451F0CC2019C1220001A9D4 /* EditTableViewController.m */; };
		0451F0D12019CAEB0001A9D4 /* UIImage+ImageWithColor.m in Sources */ = {isa = PBXBuildFile; fileRef = 0451F0CF2019CAEB0001A9D4 /* UIImage+ImageWithColor.m */; };
		0453055A204659C500BC06BA /* TreatmentRecordCell.m in Sources */ = {isa = PBXBuildFile; fileRef = 04530558204659C500BC06BA /* TreatmentRecordCell.m */; };
		0453055B204659C500BC06BA /* TreatmentRecordCell.xib in Resources */ = {isa = PBXBuildFile; fileRef = 04530559204659C500BC06BA /* TreatmentRecordCell.xib */; };
		0453324620293D8E00B63C58 /* MQTTCommunicationViewController.m in Sources */ = {isa = PBXBuildFile; fileRef = 0453324520293D8E00B63C58 /* MQTTCommunicationViewController.m */; };
		045798B121226961007EE5BE /* PhonenumViewController.m in Sources */ = {isa = PBXBuildFile; fileRef = 045798B021226961007EE5BE /* PhonenumViewController.m */; };
		045930F4204511A6003F6BDC /* ServerRecordViewController.m in Sources */ = {isa = PBXBuildFile; fileRef = 045930F3204511A6003F6BDC /* ServerRecordViewController.m */; };
		0464FC38212679090030E338 /* ChangePhoneNumViewController.m in Sources */ = {isa = PBXBuildFile; fileRef = 0464FC37212679090030E338 /* ChangePhoneNumViewController.m */; };
		0464FC3B212681BE0030E338 /* EnterVerificationCodeViewController.m in Sources */ = {isa = PBXBuildFile; fileRef = 0464FC3A212681BE0030E338 /* EnterVerificationCodeViewController.m */; };
		04672BB62005F128007D8410 /* BLECommunicationViewController.m in Sources */ = {isa = PBXBuildFile; fileRef = 04672BB52005F128007D8410 /* BLECommunicationViewController.m */; };
		0469FEAB1FFE0C75002E25C3 /* AppDelegate.m in Sources */ = {isa = PBXBuildFile; fileRef = 0469FEAA1FFE0C75002E25C3 /* AppDelegate.m */; };
		0469FEB11FFE0C75002E25C3 /* Main.storyboard in Resources */ = {isa = PBXBuildFile; fileRef = 0469FEAF1FFE0C75002E25C3 /* Main.storyboard */; };
		0469FEB31FFE0C75002E25C3 /* Assets.xcassets in Resources */ = {isa = PBXBuildFile; fileRef = 0469FEB21FFE0C75002E25C3 /* Assets.xcassets */; };
		0469FEB61FFE0C75002E25C3 /* LaunchScreen.storyboard in Resources */ = {isa = PBXBuildFile; fileRef = 0469FEB41FFE0C75002E25C3 /* LaunchScreen.storyboard */; };
		0469FEB91FFE0C75002E25C3 /* main.m in Sources */ = {isa = PBXBuildFile; fileRef = 0469FEB81FFE0C75002E25C3 /* main.m */; };
		0469FEC31FFE0C75002E25C3 /* P06ATests.m in Sources */ = {isa = PBXBuildFile; fileRef = 0469FEC21FFE0C75002E25C3 /* P06ATests.m */; };
		0469FECE1FFE0C75002E25C3 /* P06AUITests.m in Sources */ = {isa = PBXBuildFile; fileRef = 0469FECD1FFE0C75002E25C3 /* P06AUITests.m */; };
		04769EFC20085C440061E2FA /* ModeChooseView.m in Sources */ = {isa = PBXBuildFile; fileRef = 04769EFB20085C440061E2FA /* ModeChooseView.m */; };
		04769EFE20085C570061E2FA /* ModeChooseView.xib in Resources */ = {isa = PBXBuildFile; fileRef = 04769EFD20085C570061E2FA /* ModeChooseView.xib */; };
		04787BE52110186F00992FA3 /* PhoneLoginViewController.m in Sources */ = {isa = PBXBuildFile; fileRef = 04787BE42110186F00992FA3 /* PhoneLoginViewController.m */; };
		04787BE82110188300992FA3 /* PasswordLoginViewController.m in Sources */ = {isa = PBXBuildFile; fileRef = 04787BE72110188300992FA3 /* PasswordLoginViewController.m */; };
		0478C2C8204FCB4A0000135D /* report.html in Resources */ = {isa = PBXBuildFile; fileRef = 0478C2C7204FCB4A0000135D /* report.html */; };
		0478C2CB204FE6F10000135D /* EditTreatAreaViewController.m in Sources */ = {isa = PBXBuildFile; fileRef = 0478C2CA204FE6F10000135D /* EditTreatAreaViewController.m */; };
		047D489C2047AB7D00DF7DF1 /* RecordRepordViewController.m in Sources */ = {isa = PBXBuildFile; fileRef = 047D489B2047AB7D00DF7DF1 /* RecordRepordViewController.m */; };
		047D48A12047F30D00DF7DF1 /* UIWebView+ConverToPDF.m in Sources */ = {isa = PBXBuildFile; fileRef = 047D48A02047F30D00DF7DF1 /* UIWebView+ConverToPDF.m */; };
		04892F6D202403BB00100545 /* SetTreatmentParameterController.m in Sources */ = {isa = PBXBuildFile; fileRef = 04892F6C202403BB00100545 /* SetTreatmentParameterController.m */; };
		04892F71202463C500100545 /* TimeSetCell.m in Sources */ = {isa = PBXBuildFile; fileRef = 04892F6F202463C500100545 /* TimeSetCell.m */; };
		04892F72202463C500100545 /* TimeSetCell.xib in Resources */ = {isa = PBXBuildFile; fileRef = 04892F70202463C500100545 /* TimeSetCell.xib */; };
		048E92A22043EBD2009F8532 /* RecordTableViewCell.m in Sources */ = {isa = PBXBuildFile; fileRef = 048E92A12043EBD2009F8532 /* RecordTableViewCell.m */; };
		049B57CD204E46EC0072F7A4 /* ReportComposer.m in Sources */ = {isa = PBXBuildFile; fileRef = 049B57CC204E46EC0072F7A4 /* ReportComposer.m */; };
		049B57E5204E9ACA0072F7A4 /* CustomPrintPageRenderer.m in Sources */ = {isa = PBXBuildFile; fileRef = 049B57E4204E9ACA0072F7A4 /* CustomPrintPageRenderer.m */; };
		049C3D4920EC7E810079F662 /* LoginWithPhoneViewController.m in Sources */ = {isa = PBXBuildFile; fileRef = 049C3D4820EC7E810079F662 /* LoginWithPhoneViewController.m */; };
		049ED9BF202079BD006D9A37 /* ChooseIdentityViewController.m in Sources */ = {isa = PBXBuildFile; fileRef = 049ED9BE202079BD006D9A37 /* ChooseIdentityViewController.m */; };
		04DA58B020E4DE7700E78816 /* MapViewController.m in Sources */ = {isa = PBXBuildFile; fileRef = 04DA58AF20E4DE7700E78816 /* MapViewController.m */; };
		04DAE84C2009B0A500BF4127 /* BatteryView.xib in Resources */ = {isa = PBXBuildFile; fileRef = 04DAE84B2009B0A500BF4127 /* BatteryView.xib */; };
		04E1B1DB200C56B3007FC2DB /* LeftDrawerViewController.m in Sources */ = {isa = PBXBuildFile; fileRef = 04E1B1DA200C56B3007FC2DB /* LeftDrawerViewController.m */; };
		04ED0EA62052318B00638850 /* MyDeviceTableViewController.m in Sources */ = {isa = PBXBuildFile; fileRef = 04ED0EA52052318B00638850 /* MyDeviceTableViewController.m */; };
		B950FFB58DAF7D05F342B0A7 /* libPods-P06A.a in Frameworks */ = {isa = PBXBuildFile; fileRef = B91FA2BEDD806EC10A0D366A /* libPods-P06A.a */; };
/* End PBXBuildFile section */

/* Begin PBXContainerItemProxy section */
		0469FEBF1FFE0C75002E25C3 /* PBXContainerItemProxy */ = {
			isa = PBXContainerItemProxy;
			containerPortal = 0469FE9E1FFE0C75002E25C3 /* Project object */;
			proxyType = 1;
			remoteGlobalIDString = 0469FEA51FFE0C75002E25C3;
			remoteInfo = P06A;
		};
		0469FECA1FFE0C75002E25C3 /* PBXContainerItemProxy */ = {
			isa = PBXContainerItemProxy;
			containerPortal = 0469FE9E1FFE0C75002E25C3 /* Project object */;
			proxyType = 1;
			remoteGlobalIDString = 0469FEA51FFE0C75002E25C3;
			remoteInfo = P06A;
		};
/* End PBXContainerItemProxy section */

/* Begin PBXFileReference section */
		04040DDC20034758009D3509 /* Unpack.m */ = {isa = PBXFileReference; fileEncoding = 4; lastKnownFileType = sourcecode.c.objc; path = Unpack.m; sourceTree = "<group>"; };
		04040DDD20034758009D3509 /* Pack.m */ = {isa = PBXFileReference; fileEncoding = 4; lastKnownFileType = sourcecode.c.objc; path = Pack.m; sourceTree = "<group>"; };
		04040DDE20034759009D3509 /* Pack.h */ = {isa = PBXFileReference; fileEncoding = 4; lastKnownFileType = sourcecode.c.h; path = Pack.h; sourceTree = "<group>"; };
		04040DDF20034759009D3509 /* Unpack.h */ = {isa = PBXFileReference; fileEncoding = 4; lastKnownFileType = sourcecode.c.h; path = Unpack.h; sourceTree = "<group>"; };
		040D1E94200F3A9B0010FF47 /* LoginViewController.h */ = {isa = PBXFileReference; fileEncoding = 4; lastKnownFileType = sourcecode.c.h; path = LoginViewController.h; sourceTree = "<group>"; };
		040D1E95200F3A9B0010FF47 /* LoginViewController.m */ = {isa = PBXFileReference; fileEncoding = 4; lastKnownFileType = sourcecode.c.objc; path = LoginViewController.m; sourceTree = "<group>"; };
		04118BB11FFE23860054BC15 /* UpgradeOnlineViewController.h */ = {isa = PBXFileReference; lastKnownFileType = sourcecode.c.h; path = UpgradeOnlineViewController.h; sourceTree = "<group>"; };
		04118BB21FFE23860054BC15 /* UpgradeOnlineViewController.m */ = {isa = PBXFileReference; lastKnownFileType = sourcecode.c.objc; path = UpgradeOnlineViewController.m; sourceTree = "<group>"; };
		04118BB51FFE28A30054BC15 /* AdminHomeViewController.h */ = {isa = PBXFileReference; lastKnownFileType = sourcecode.c.h; path = AdminHomeViewController.h; sourceTree = "<group>"; };
		04118BB61FFE28A30054BC15 /* AdminHomeViewController.m */ = {isa = PBXFileReference; lastKnownFileType = sourcecode.c.objc; path = AdminHomeViewController.m; sourceTree = "<group>"; };
		04118BB81FFE2BD90054BC15 /* UserHomeViewController.h */ = {isa = PBXFileReference; lastKnownFileType = sourcecode.c.h; path = UserHomeViewController.h; sourceTree = "<group>"; };
		04118BB91FFE2BD90054BC15 /* UserHomeViewController.m */ = {isa = PBXFileReference; lastKnownFileType = sourcecode.c.objc; path = UserHomeViewController.m; sourceTree = "<group>"; };
		04150EF62011971C007EAC85 /* GuideBindDeviceViewController.h */ = {isa = PBXFileReference; lastKnownFileType = sourcecode.c.h; path = GuideBindDeviceViewController.h; sourceTree = "<group>"; };
		04150EF72011971C007EAC85 /* GuideBindDeviceViewController.m */ = {isa = PBXFileReference; lastKnownFileType = sourcecode.c.objc; path = GuideBindDeviceViewController.m; sourceTree = "<group>"; };
		04150EF92011C9DD007EAC85 /* SearchBLEViewController.h */ = {isa = PBXFileReference; lastKnownFileType = sourcecode.c.h; path = SearchBLEViewController.h; sourceTree = "<group>"; };
		04150EFA2011C9DD007EAC85 /* SearchBLEViewController.m */ = {isa = PBXFileReference; lastKnownFileType = sourcecode.c.objc; path = SearchBLEViewController.m; sourceTree = "<group>"; };
		04189E5E20E33BD10007156C /* ContactUSTableViewController.h */ = {isa = PBXFileReference; lastKnownFileType = sourcecode.c.h; path = ContactUSTableViewController.h; sourceTree = "<group>"; };
		04189E5F20E33BD10007156C /* ContactUSTableViewController.m */ = {isa = PBXFileReference; lastKnownFileType = sourcecode.c.objc; path = ContactUSTableViewController.m; sourceTree = "<group>"; };
		041D42691FFF232300EEA43C /* UIView+Tap.h */ = {isa = PBXFileReference; lastKnownFileType = sourcecode.c.h; path = "UIView+Tap.h"; sourceTree = "<group>"; };
		041D426A1FFF232300EEA43C /* UIView+Tap.m */ = {isa = PBXFileReference; lastKnownFileType = sourcecode.c.objc; path = "UIView+Tap.m"; sourceTree = "<group>"; };
		042B90B620EB5AF600579CB5 /* HttpResponse.h */ = {isa = PBXFileReference; fileEncoding = 4; lastKnownFileType = sourcecode.c.h; path = HttpResponse.h; sourceTree = "<group>"; };
		042B90B720EB5AF600579CB5 /* HttpResponse.m */ = {isa = PBXFileReference; fileEncoding = 4; lastKnownFileType = sourcecode.c.objc; path = HttpResponse.m; sourceTree = "<group>"; };
		042B90B820EB5AF600579CB5 /* NetWorkTool.h */ = {isa = PBXFileReference; fileEncoding = 4; lastKnownFileType = sourcecode.c.h; path = NetWorkTool.h; sourceTree = "<group>"; };
		042B90B920EB5AF600579CB5 /* NetWorkTool.m */ = {isa = PBXFileReference; fileEncoding = 4; lastKnownFileType = sourcecode.c.objc; path = NetWorkTool.m; sourceTree = "<group>"; };
		04349F4F2028292F001FFEC5 /* BLERecordViewController.h */ = {isa = PBXFileReference; lastKnownFileType = sourcecode.c.h; path = BLERecordViewController.h; sourceTree = "<group>"; };
		04349F502028292F001FFEC5 /* BLERecordViewController.m */ = {isa = PBXFileReference; lastKnownFileType = sourcecode.c.objc; path = BLERecordViewController.m; sourceTree = "<group>"; };
		043A38AC202AD3A200835BDD /* PrefixHeader.pch */ = {isa = PBXFileReference; lastKnownFileType = sourcecode.c.h; path = PrefixHeader.pch; sourceTree = "<group>"; };
		043A38B1202AD66000835BDD /* AAChartKit.h */ = {isa = PBXFileReference; fileEncoding = 4; lastKnownFileType = sourcecode.c.h; path = AAChartKit.h; sourceTree = "<group>"; };
		043A38B2202AD66000835BDD /* AAChartModel.h */ = {isa = PBXFileReference; fileEncoding = 4; lastKnownFileType = sourcecode.c.h; path = AAChartModel.h; sourceTree = "<group>"; };
		043A38B3202AD66000835BDD /* AAChartModel.m */ = {isa = PBXFileReference; fileEncoding = 4; lastKnownFileType = sourcecode.c.objc; path = AAChartModel.m; sourceTree = "<group>"; };
		043A38B4202AD66000835BDD /* AAChartView.h */ = {isa = PBXFileReference; fileEncoding = 4; lastKnownFileType = sourcecode.c.h; path = AAChartView.h; sourceTree = "<group>"; };
		043A38B5202AD66000835BDD /* AAChartView.m */ = {isa = PBXFileReference; fileEncoding = 4; lastKnownFileType = sourcecode.c.objc; path = AAChartView.m; sourceTree = "<group>"; };
		043A38B6202AD66000835BDD /* AAGlobalMacro.h */ = {isa = PBXFileReference; fileEncoding = 4; lastKnownFileType = sourcecode.c.h; path = AAGlobalMacro.h; sourceTree = "<group>"; };
		043A38B7202AD66000835BDD /* AAJsonConverter.h */ = {isa = PBXFileReference; fileEncoding = 4; lastKnownFileType = sourcecode.c.h; path = AAJsonConverter.h; sourceTree = "<group>"; };
		043A38B8202AD66000835BDD /* AAJsonConverter.m */ = {isa = PBXFileReference; fileEncoding = 4; lastKnownFileType = sourcecode.c.objc; path = AAJsonConverter.m; sourceTree = "<group>"; };
		043A38B9202AD66000835BDD /* AAOptionsConstructor.h */ = {isa = PBXFileReference; fileEncoding = 4; lastKnownFileType = sourcecode.c.h; path = AAOptionsConstructor.h; sourceTree = "<group>"; };
		043A38BA202AD66000835BDD /* AAOptionsConstructor.m */ = {isa = PBXFileReference; fileEncoding = 4; lastKnownFileType = sourcecode.c.objc; path = AAOptionsConstructor.m; sourceTree = "<group>"; };
		043A38BB202AD66000835BDD /* AASeriesElement.h */ = {isa = PBXFileReference; fileEncoding = 4; lastKnownFileType = sourcecode.c.h; path = AASeriesElement.h; sourceTree = "<group>"; };
		043A38BC202AD66000835BDD /* AASeriesElement.m */ = {isa = PBXFileReference; fileEncoding = 4; lastKnownFileType = sourcecode.c.objc; path = AASeriesElement.m; sourceTree = "<group>"; };
		043A38BE202AD66000835BDD /* AAChartView.html */ = {isa = PBXFileReference; fileEncoding = 4; lastKnownFileType = text.html; path = AAChartView.html; sourceTree = "<group>"; };
		043A38BF202AD66000835BDD /* AAFunnel.js */ = {isa = PBXFileReference; fileEncoding = 4; lastKnownFileType = sourcecode.javascript; path = AAFunnel.js; sourceTree = "<group>"; };
		043A38C0202AD66000835BDD /* AAHighcharts-3d.js */ = {isa = PBXFileReference; fileEncoding = 4; lastKnownFileType = sourcecode.javascript; path = "AAHighcharts-3d.js"; sourceTree = "<group>"; };
		043A38C1202AD66000835BDD /* AAHighchartsLib.js */ = {isa = PBXFileReference; fileEncoding = 4; lastKnownFileType = sourcecode.javascript; path = AAHighchartsLib.js; sourceTree = "<group>"; };
		043A38C2202AD66000835BDD /* AAHighchartsMore.js */ = {isa = PBXFileReference; fileEncoding = 4; lastKnownFileType = sourcecode.javascript; path = AAHighchartsMore.js; sourceTree = "<group>"; };
		043A38C4202AD66000835BDD /* AAAnimation.h */ = {isa = PBXFileReference; fileEncoding = 4; lastKnownFileType = sourcecode.c.h; path = AAAnimation.h; sourceTree = "<group>"; };
		043A38C5202AD66000835BDD /* AAAnimation.m */ = {isa = PBXFileReference; fileEncoding = 4; lastKnownFileType = sourcecode.c.objc; path = AAAnimation.m; sourceTree = "<group>"; };
		043A38C6202AD66000835BDD /* AAArea.h */ = {isa = PBXFileReference; fileEncoding = 4; lastKnownFileType = sourcecode.c.h; path = AAArea.h; sourceTree = "<group>"; };
		043A38C7202AD66000835BDD /* AAArea.m */ = {isa = PBXFileReference; fileEncoding = 4; lastKnownFileType = sourcecode.c.objc; path = AAArea.m; sourceTree = "<group>"; };
		043A38C8202AD66000835BDD /* AAAreaspline.h */ = {isa = PBXFileReference; fileEncoding = 4; lastKnownFileType = sourcecode.c.h; path = AAAreaspline.h; sourceTree = "<group>"; };
		043A38C9202AD66000835BDD /* AAAreaspline.m */ = {isa = PBXFileReference; fileEncoding = 4; lastKnownFileType = sourcecode.c.objc; path = AAAreaspline.m; sourceTree = "<group>"; };
		043A38CA202AD66000835BDD /* AABar.h */ = {isa = PBXFileReference; fileEncoding = 4; lastKnownFileType = sourcecode.c.h; path = AABar.h; sourceTree = "<group>"; };
		043A38CB202AD66000835BDD /* AABar.m */ = {isa = PBXFileReference; fileEncoding = 4; lastKnownFileType = sourcecode.c.objc; path = AABar.m; sourceTree = "<group>"; };
		043A38CC202AD66000835BDD /* AAChart.h */ = {isa = PBXFileReference; fileEncoding = 4; lastKnownFileType = sourcecode.c.h; path = AAChart.h; sourceTree = "<group>"; };
		043A38CD202AD66000835BDD /* AAChart.m */ = {isa = PBXFileReference; fileEncoding = 4; lastKnownFileType = sourcecode.c.objc; path = AAChart.m; sourceTree = "<group>"; };
		043A38CE202AD66000835BDD /* AAColumn.h */ = {isa = PBXFileReference; fileEncoding = 4; lastKnownFileType = sourcecode.c.h; path = AAColumn.h; sourceTree = "<group>"; };
		043A38CF202AD66000835BDD /* AAColumn.m */ = {isa = PBXFileReference; fileEncoding = 4; lastKnownFileType = sourcecode.c.objc; path = AAColumn.m; sourceTree = "<group>"; };
		043A38D0202AD66000835BDD /* AADataLabels.h */ = {isa = PBXFileReference; fileEncoding = 4; lastKnownFileType = sourcecode.c.h; path = AADataLabels.h; sourceTree = "<group>"; };
		043A38D1202AD66000835BDD /* AADataLabels.m */ = {isa = PBXFileReference; fileEncoding = 4; lastKnownFileType = sourcecode.c.objc; path = AADataLabels.m; sourceTree = "<group>"; };
		043A38D2202AD66000835BDD /* AAItemStyle.h */ = {isa = PBXFileReference; fileEncoding = 4; lastKnownFileType = sourcecode.c.h; path = AAItemStyle.h; sourceTree = "<group>"; };
		043A38D3202AD66000835BDD /* AAItemStyle.m */ = {isa = PBXFileReference; fileEncoding = 4; lastKnownFileType = sourcecode.c.objc; path = AAItemStyle.m; sourceTree = "<group>"; };
		043A38D4202AD66000835BDD /* AALabels.h */ = {isa = PBXFileReference; fileEncoding = 4; lastKnownFileType = sourcecode.c.h; path = AALabels.h; sourceTree = "<group>"; };
		043A38D5202AD66000835BDD /* AALabels.m */ = {isa = PBXFileReference; fileEncoding = 4; lastKnownFileType = sourcecode.c.objc; path = AALabels.m; sourceTree = "<group>"; };
		043A38D6202AD66000835BDD /* AALegend.h */ = {isa = PBXFileReference; fileEncoding = 4; lastKnownFileType = sourcecode.c.h; path = AALegend.h; sourceTree = "<group>"; };
		043A38D7202AD66000835BDD /* AALegend.m */ = {isa = PBXFileReference; fileEncoding = 4; lastKnownFileType = sourcecode.c.objc; path = AALegend.m; sourceTree = "<group>"; };
		043A38D8202AD66000835BDD /* AALine.h */ = {isa = PBXFileReference; fileEncoding = 4; lastKnownFileType = sourcecode.c.h; path = AALine.h; sourceTree = "<group>"; };
		043A38D9202AD66000835BDD /* AALine.m */ = {isa = PBXFileReference; fileEncoding = 4; lastKnownFileType = sourcecode.c.objc; path = AALine.m; sourceTree = "<group>"; };
		043A38DA202AD66000835BDD /* AAMarker.h */ = {isa = PBXFileReference; fileEncoding = 4; lastKnownFileType = sourcecode.c.h; path = AAMarker.h; sourceTree = "<group>"; };
		043A38DB202AD66000835BDD /* AAMarker.m */ = {isa = PBXFileReference; fileEncoding = 4; lastKnownFileType = sourcecode.c.objc; path = AAMarker.m; sourceTree = "<group>"; };
		043A38DC202AD66000835BDD /* AAOptions.h */ = {isa = PBXFileReference; fileEncoding = 4; lastKnownFileType = sourcecode.c.h; path = AAOptions.h; sourceTree = "<group>"; };
		043A38DD202AD66000835BDD /* AAOptions.m */ = {isa = PBXFileReference; fileEncoding = 4; lastKnownFileType = sourcecode.c.objc; path = AAOptions.m; sourceTree = "<group>"; };
		043A38DE202AD66000835BDD /* AAOptions3d.h */ = {isa = PBXFileReference; fileEncoding = 4; lastKnownFileType = sourcecode.c.h; path = AAOptions3d.h; sourceTree = "<group>"; };
		043A38DF202AD66000835BDD /* AAOptions3d.m */ = {isa = PBXFileReference; fileEncoding = 4; lastKnownFileType = sourcecode.c.objc; path = AAOptions3d.m; sourceTree = "<group>"; };
		043A38E0202AD66000835BDD /* AAPie.h */ = {isa = PBXFileReference; fileEncoding = 4; lastKnownFileType = sourcecode.c.h; path = AAPie.h; sourceTree = "<group>"; };
		043A38E1202AD66000835BDD /* AAPie.m */ = {isa = PBXFileReference; fileEncoding = 4; lastKnownFileType = sourcecode.c.objc; path = AAPie.m; sourceTree = "<group>"; };
		043A38E2202AD66000835BDD /* AAPlotLinesElement.h */ = {isa = PBXFileReference; fileEncoding = 4; lastKnownFileType = sourcecode.c.h; path = AAPlotLinesElement.h; sourceTree = "<group>"; };
		043A38E3202AD66000835BDD /* AAPlotLinesElement.m */ = {isa = PBXFileReference; fileEncoding = 4; lastKnownFileType = sourcecode.c.objc; path = AAPlotLinesElement.m; sourceTree = "<group>"; };
		043A38E4202AD66000835BDD /* AAPlotOptions.h */ = {isa = PBXFileReference; fileEncoding = 4; lastKnownFileType = sourcecode.c.h; path = AAPlotOptions.h; sourceTree = "<group>"; };
		043A38E5202AD66000835BDD /* AAPlotOptions.m */ = {isa = PBXFileReference; fileEncoding = 4; lastKnownFileType = sourcecode.c.objc; path = AAPlotOptions.m; sourceTree = "<group>"; };
		043A38E6202AD66000835BDD /* AASeries.h */ = {isa = PBXFileReference; fileEncoding = 4; lastKnownFileType = sourcecode.c.h; path = AASeries.h; sourceTree = "<group>"; };
		043A38E7202AD66000835BDD /* AASeries.m */ = {isa = PBXFileReference; fileEncoding = 4; lastKnownFileType = sourcecode.c.objc; path = AASeries.m; sourceTree = "<group>"; };
		043A38E8202AD66000835BDD /* AASpline.h */ = {isa = PBXFileReference; fileEncoding = 4; lastKnownFileType = sourcecode.c.h; path = AASpline.h; sourceTree = "<group>"; };
		043A38E9202AD66000835BDD /* AASpline.m */ = {isa = PBXFileReference; fileEncoding = 4; lastKnownFileType = sourcecode.c.objc; path = AASpline.m; sourceTree = "<group>"; };
		043A38EA202AD66000835BDD /* AAStyle.h */ = {isa = PBXFileReference; fileEncoding = 4; lastKnownFileType = sourcecode.c.h; path = AAStyle.h; sourceTree = "<group>"; };
		043A38EB202AD66000835BDD /* AAStyle.m */ = {isa = PBXFileReference; fileEncoding = 4; lastKnownFileType = sourcecode.c.objc; path = AAStyle.m; sourceTree = "<group>"; };
		043A38EC202AD66000835BDD /* AASubtitle.h */ = {isa = PBXFileReference; fileEncoding = 4; lastKnownFileType = sourcecode.c.h; path = AASubtitle.h; sourceTree = "<group>"; };
		043A38ED202AD66000835BDD /* AASubtitle.m */ = {isa = PBXFileReference; fileEncoding = 4; lastKnownFileType = sourcecode.c.objc; path = AASubtitle.m; sourceTree = "<group>"; };
		043A38EE202AD66000835BDD /* AATitle.h */ = {isa = PBXFileReference; fileEncoding = 4; lastKnownFileType = sourcecode.c.h; path = AATitle.h; sourceTree = "<group>"; };
		043A38EF202AD66000835BDD /* AATitle.m */ = {isa = PBXFileReference; fileEncoding = 4; lastKnownFileType = sourcecode.c.objc; path = AATitle.m; sourceTree = "<group>"; };
		043A38F0202AD66000835BDD /* AATooltip.h */ = {isa = PBXFileReference; fileEncoding = 4; lastKnownFileType = sourcecode.c.h; path = AATooltip.h; sourceTree = "<group>"; };
		043A38F1202AD66000835BDD /* AATooltip.m */ = {isa = PBXFileReference; fileEncoding = 4; lastKnownFileType = sourcecode.c.objc; path = AATooltip.m; sourceTree = "<group>"; };
		043A38F2202AD66000835BDD /* AAXAxis.h */ = {isa = PBXFileReference; fileEncoding = 4; lastKnownFileType = sourcecode.c.h; path = AAXAxis.h; sourceTree = "<group>"; };
		043A38F3202AD66000835BDD /* AAXAxis.m */ = {isa = PBXFileReference; fileEncoding = 4; lastKnownFileType = sourcecode.c.objc; path = AAXAxis.m; sourceTree = "<group>"; };
		043A38F4202AD66000835BDD /* AAYAxis.h */ = {isa = PBXFileReference; fileEncoding = 4; lastKnownFileType = sourcecode.c.h; path = AAYAxis.h; sourceTree = "<group>"; };
		043A38F5202AD66000835BDD /* AAYAxis.m */ = {isa = PBXFileReference; fileEncoding = 4; lastKnownFileType = sourcecode.c.objc; path = AAYAxis.m; sourceTree = "<group>"; };
		043CA18F2027E93200713A3C /* UIViewController+BackButtonHandler.h */ = {isa = PBXFileReference; fileEncoding = 4; lastKnownFileType = sourcecode.c.h; path = "UIViewController+BackButtonHandler.h"; sourceTree = "<group>"; };
		043CA1902027E93200713A3C /* UIViewController+BackButtonHandler.m */ = {isa = PBXFileReference; fileEncoding = 4; lastKnownFileType = sourcecode.c.objc; path = "UIViewController+BackButtonHandler.m"; sourceTree = "<group>"; };
		044C526020255C4600923060 /* PressParameterSetView.h */ = {isa = PBXFileReference; lastKnownFileType = sourcecode.c.h; path = PressParameterSetView.h; sourceTree = "<group>"; };
		044C526120255C4600923060 /* PressParameterSetView.m */ = {isa = PBXFileReference; lastKnownFileType = sourcecode.c.objc; path = PressParameterSetView.m; sourceTree = "<group>"; };
		044C526320255C6F00923060 /* PressParameterSetView.xib */ = {isa = PBXFileReference; lastKnownFileType = file.xib; path = PressParameterSetView.xib; sourceTree = "<group>"; };
		044E02182124081C003B6C9D /* SettingViewController.h */ = {isa = PBXFileReference; lastKnownFileType = sourcecode.c.h; path = SettingViewController.h; sourceTree = "<group>"; };
		044E02192124081C003B6C9D /* SettingViewController.m */ = {isa = PBXFileReference; lastKnownFileType = sourcecode.c.objc; path = SettingViewController.m; sourceTree = "<group>"; };
		0451F0C52019BAB80001A9D4 /* LeftHeaderView.h */ = {isa = PBXFileReference; fileEncoding = 4; lastKnownFileType = sourcecode.c.h; path = LeftHeaderView.h; sourceTree = "<group>"; };
		0451F0C62019BAB80001A9D4 /* LeftHeaderView.m */ = {isa = PBXFileReference; fileEncoding = 4; lastKnownFileType = sourcecode.c.objc; path = LeftHeaderView.m; sourceTree = "<group>"; };
		0451F0C92019BF300001A9D4 /* PersonalInfomationViewController.h */ = {isa = PBXFileReference; fileEncoding = 4; lastKnownFileType = sourcecode.c.h; path = PersonalInfomationViewController.h; sourceTree = "<group>"; };
		0451F0CA2019BF300001A9D4 /* PersonalInfomationViewController.m */ = {isa = PBXFileReference; fileEncoding = 4; lastKnownFileType = sourcecode.c.objc; path = PersonalInfomationViewController.m; sourceTree = "<group>"; };
		0451F0CC2019C1220001A9D4 /* EditTableViewController.m */ = {isa = PBXFileReference; fileEncoding = 4; lastKnownFileType = sourcecode.c.objc; path = EditTableViewController.m; sourceTree = "<group>"; };
		0451F0CD2019C1220001A9D4 /* EditTableViewController.h */ = {isa = PBXFileReference; fileEncoding = 4; lastKnownFileType = sourcecode.c.h; path = EditTableViewController.h; sourceTree = "<group>"; };
		0451F0CF2019CAEB0001A9D4 /* UIImage+ImageWithColor.m */ = {isa = PBXFileReference; fileEncoding = 4; lastKnownFileType = sourcecode.c.objc; path = "UIImage+ImageWithColor.m"; sourceTree = "<group>"; };
		0451F0D02019CAEB0001A9D4 /* UIImage+ImageWithColor.h */ = {isa = PBXFileReference; fileEncoding = 4; lastKnownFileType = sourcecode.c.h; path = "UIImage+ImageWithColor.h"; sourceTree = "<group>"; };
		04530557204659C500BC06BA /* TreatmentRecordCell.h */ = {isa = PBXFileReference; lastKnownFileType = sourcecode.c.h; path = TreatmentRecordCell.h; sourceTree = "<group>"; };
		04530558204659C500BC06BA /* TreatmentRecordCell.m */ = {isa = PBXFileReference; lastKnownFileType = sourcecode.c.objc; path = TreatmentRecordCell.m; sourceTree = "<group>"; };
		04530559204659C500BC06BA /* TreatmentRecordCell.xib */ = {isa = PBXFileReference; lastKnownFileType = file.xib; path = TreatmentRecordCell.xib; sourceTree = "<group>"; };
		0453324420293D8E00B63C58 /* MQTTCommunicationViewController.h */ = {isa = PBXFileReference; lastKnownFileType = sourcecode.c.h; path = MQTTCommunicationViewController.h; sourceTree = "<group>"; };
		0453324520293D8E00B63C58 /* MQTTCommunicationViewController.m */ = {isa = PBXFileReference; lastKnownFileType = sourcecode.c.objc; path = MQTTCommunicationViewController.m; sourceTree = "<group>"; };
		045798AF21226961007EE5BE /* PhonenumViewController.h */ = {isa = PBXFileReference; lastKnownFileType = sourcecode.c.h; path = PhonenumViewController.h; sourceTree = "<group>"; };
		045798B021226961007EE5BE /* PhonenumViewController.m */ = {isa = PBXFileReference; lastKnownFileType = sourcecode.c.objc; path = PhonenumViewController.m; sourceTree = "<group>"; };
		045930F2204511A6003F6BDC /* ServerRecordViewController.h */ = {isa = PBXFileReference; lastKnownFileType = sourcecode.c.h; path = ServerRecordViewController.h; sourceTree = "<group>"; };
		045930F3204511A6003F6BDC /* ServerRecordViewController.m */ = {isa = PBXFileReference; lastKnownFileType = sourcecode.c.objc; path = ServerRecordViewController.m; sourceTree = "<group>"; };
		0464FC36212679090030E338 /* ChangePhoneNumViewController.h */ = {isa = PBXFileReference; lastKnownFileType = sourcecode.c.h; path = ChangePhoneNumViewController.h; sourceTree = "<group>"; };
		0464FC37212679090030E338 /* ChangePhoneNumViewController.m */ = {isa = PBXFileReference; lastKnownFileType = sourcecode.c.objc; path = ChangePhoneNumViewController.m; sourceTree = "<group>"; };
		0464FC39212681BE0030E338 /* EnterVerificationCodeViewController.h */ = {isa = PBXFileReference; lastKnownFileType = sourcecode.c.h; path = EnterVerificationCodeViewController.h; sourceTree = "<group>"; };
		0464FC3A212681BE0030E338 /* EnterVerificationCodeViewController.m */ = {isa = PBXFileReference; lastKnownFileType = sourcecode.c.objc; path = EnterVerificationCodeViewController.m; sourceTree = "<group>"; };
		04661DF32060A7D0002641D1 /* BaseHeader.h */ = {isa = PBXFileReference; lastKnownFileType = sourcecode.c.h; path = BaseHeader.h; sourceTree = "<group>"; };
		04672BB42005F128007D8410 /* BLECommunicationViewController.h */ = {isa = PBXFileReference; lastKnownFileType = sourcecode.c.h; path = BLECommunicationViewController.h; sourceTree = "<group>"; };
		04672BB52005F128007D8410 /* BLECommunicationViewController.m */ = {isa = PBXFileReference; lastKnownFileType = sourcecode.c.objc; path = BLECommunicationViewController.m; sourceTree = "<group>"; };
		0469FEA61FFE0C75002E25C3 /* P06A.app */ = {isa = PBXFileReference; explicitFileType = wrapper.application; includeInIndex = 0; path = P06A.app; sourceTree = BUILT_PRODUCTS_DIR; };
		0469FEA91FFE0C75002E25C3 /* AppDelegate.h */ = {isa = PBXFileReference; lastKnownFileType = sourcecode.c.h; path = AppDelegate.h; sourceTree = "<group>"; };
		0469FEAA1FFE0C75002E25C3 /* AppDelegate.m */ = {isa = PBXFileReference; lastKnownFileType = sourcecode.c.objc; path = AppDelegate.m; sourceTree = "<group>"; };
		0469FEB01FFE0C75002E25C3 /* Base */ = {isa = PBXFileReference; lastKnownFileType = file.storyboard; name = Base; path = Base.lproj/Main.storyboard; sourceTree = "<group>"; };
		0469FEB21FFE0C75002E25C3 /* Assets.xcassets */ = {isa = PBXFileReference; lastKnownFileType = folder.assetcatalog; path = Assets.xcassets; sourceTree = "<group>"; };
		0469FEB51FFE0C75002E25C3 /* Base */ = {isa = PBXFileReference; lastKnownFileType = file.storyboard; name = Base; path = Base.lproj/LaunchScreen.storyboard; sourceTree = "<group>"; };
		0469FEB71FFE0C75002E25C3 /* Info.plist */ = {isa = PBXFileReference; lastKnownFileType = text.plist.xml; path = Info.plist; sourceTree = "<group>"; };
		0469FEB81FFE0C75002E25C3 /* main.m */ = {isa = PBXFileReference; lastKnownFileType = sourcecode.c.objc; path = main.m; sourceTree = "<group>"; };
		0469FEBE1FFE0C75002E25C3 /* P06ATests.xctest */ = {isa = PBXFileReference; explicitFileType = wrapper.cfbundle; includeInIndex = 0; path = P06ATests.xctest; sourceTree = BUILT_PRODUCTS_DIR; };
		0469FEC21FFE0C75002E25C3 /* P06ATests.m */ = {isa = PBXFileReference; lastKnownFileType = sourcecode.c.objc; path = P06ATests.m; sourceTree = "<group>"; };
		0469FEC41FFE0C75002E25C3 /* Info.plist */ = {isa = PBXFileReference; lastKnownFileType = text.plist.xml; path = Info.plist; sourceTree = "<group>"; };
		0469FEC91FFE0C75002E25C3 /* P06AUITests.xctest */ = {isa = PBXFileReference; explicitFileType = wrapper.cfbundle; includeInIndex = 0; path = P06AUITests.xctest; sourceTree = BUILT_PRODUCTS_DIR; };
		0469FECD1FFE0C75002E25C3 /* P06AUITests.m */ = {isa = PBXFileReference; lastKnownFileType = sourcecode.c.objc; path = P06AUITests.m; sourceTree = "<group>"; };
		0469FECF1FFE0C75002E25C3 /* Info.plist */ = {isa = PBXFileReference; lastKnownFileType = text.plist.xml; path = Info.plist; sourceTree = "<group>"; };
		04769EFA20085C440061E2FA /* ModeChooseView.h */ = {isa = PBXFileReference; lastKnownFileType = sourcecode.c.h; path = ModeChooseView.h; sourceTree = "<group>"; };
		04769EFB20085C440061E2FA /* ModeChooseView.m */ = {isa = PBXFileReference; lastKnownFileType = sourcecode.c.objc; path = ModeChooseView.m; sourceTree = "<group>"; };
		04769EFD20085C570061E2FA /* ModeChooseView.xib */ = {isa = PBXFileReference; lastKnownFileType = file.xib; path = ModeChooseView.xib; sourceTree = "<group>"; };
		04787BE32110186F00992FA3 /* PhoneLoginViewController.h */ = {isa = PBXFileReference; lastKnownFileType = sourcecode.c.h; path = PhoneLoginViewController.h; sourceTree = "<group>"; };
		04787BE42110186F00992FA3 /* PhoneLoginViewController.m */ = {isa = PBXFileReference; lastKnownFileType = sourcecode.c.objc; path = PhoneLoginViewController.m; sourceTree = "<group>"; };
		04787BE62110188300992FA3 /* PasswordLoginViewController.h */ = {isa = PBXFileReference; lastKnownFileType = sourcecode.c.h; path = PasswordLoginViewController.h; sourceTree = "<group>"; };
		04787BE72110188300992FA3 /* PasswordLoginViewController.m */ = {isa = PBXFileReference; lastKnownFileType = sourcecode.c.objc; path = PasswordLoginViewController.m; sourceTree = "<group>"; };
		0478C2C7204FCB4A0000135D /* report.html */ = {isa = PBXFileReference; fileEncoding = 4; lastKnownFileType = text.html; path = report.html; sourceTree = "<group>"; };
		0478C2C9204FE6F00000135D /* EditTreatAreaViewController.h */ = {isa = PBXFileReference; lastKnownFileType = sourcecode.c.h; path = EditTreatAreaViewController.h; sourceTree = "<group>"; };
		0478C2CA204FE6F10000135D /* EditTreatAreaViewController.m */ = {isa = PBXFileReference; lastKnownFileType = sourcecode.c.objc; path = EditTreatAreaViewController.m; sourceTree = "<group>"; };
		047D489A2047AB7D00DF7DF1 /* RecordRepordViewController.h */ = {isa = PBXFileReference; lastKnownFileType = sourcecode.c.h; path = RecordRepordViewController.h; sourceTree = "<group>"; };
		047D489B2047AB7D00DF7DF1 /* RecordRepordViewController.m */ = {isa = PBXFileReference; lastKnownFileType = sourcecode.c.objc; path = RecordRepordViewController.m; sourceTree = "<group>"; };
		047D489F2047F30D00DF7DF1 /* UIWebView+ConverToPDF.h */ = {isa = PBXFileReference; lastKnownFileType = sourcecode.c.h; path = "UIWebView+ConverToPDF.h"; sourceTree = "<group>"; };
		047D48A02047F30D00DF7DF1 /* UIWebView+ConverToPDF.m */ = {isa = PBXFileReference; lastKnownFileType = sourcecode.c.objc; path = "UIWebView+ConverToPDF.m"; sourceTree = "<group>"; };
		04892F6B202403BB00100545 /* SetTreatmentParameterController.h */ = {isa = PBXFileReference; lastKnownFileType = sourcecode.c.h; path = SetTreatmentParameterController.h; sourceTree = "<group>"; };
		04892F6C202403BB00100545 /* SetTreatmentParameterController.m */ = {isa = PBXFileReference; lastKnownFileType = sourcecode.c.objc; path = SetTreatmentParameterController.m; sourceTree = "<group>"; };
		04892F6E202463C500100545 /* TimeSetCell.h */ = {isa = PBXFileReference; lastKnownFileType = sourcecode.c.h; path = TimeSetCell.h; sourceTree = "<group>"; };
		04892F6F202463C500100545 /* TimeSetCell.m */ = {isa = PBXFileReference; lastKnownFileType = sourcecode.c.objc; path = TimeSetCell.m; sourceTree = "<group>"; };
		04892F70202463C500100545 /* TimeSetCell.xib */ = {isa = PBXFileReference; lastKnownFileType = file.xib; path = TimeSetCell.xib; sourceTree = "<group>"; };
		048E92A02043EBD2009F8532 /* RecordTableViewCell.h */ = {isa = PBXFileReference; lastKnownFileType = sourcecode.c.h; path = RecordTableViewCell.h; sourceTree = "<group>"; };
		048E92A12043EBD2009F8532 /* RecordTableViewCell.m */ = {isa = PBXFileReference; lastKnownFileType = sourcecode.c.objc; path = RecordTableViewCell.m; sourceTree = "<group>"; };
		049B57CB204E46EC0072F7A4 /* ReportComposer.h */ = {isa = PBXFileReference; lastKnownFileType = sourcecode.c.h; path = ReportComposer.h; sourceTree = "<group>"; };
		049B57CC204E46EC0072F7A4 /* ReportComposer.m */ = {isa = PBXFileReference; lastKnownFileType = sourcecode.c.objc; path = ReportComposer.m; sourceTree = "<group>"; };
		049B57E3204E9ACA0072F7A4 /* CustomPrintPageRenderer.h */ = {isa = PBXFileReference; lastKnownFileType = sourcecode.c.h; path = CustomPrintPageRenderer.h; sourceTree = "<group>"; };
		049B57E4204E9ACA0072F7A4 /* CustomPrintPageRenderer.m */ = {isa = PBXFileReference; lastKnownFileType = sourcecode.c.objc; path = CustomPrintPageRenderer.m; sourceTree = "<group>"; };
		049C3D4720EC7E810079F662 /* LoginWithPhoneViewController.h */ = {isa = PBXFileReference; lastKnownFileType = sourcecode.c.h; path = LoginWithPhoneViewController.h; sourceTree = "<group>"; };
		049C3D4820EC7E810079F662 /* LoginWithPhoneViewController.m */ = {isa = PBXFileReference; lastKnownFileType = sourcecode.c.objc; path = LoginWithPhoneViewController.m; sourceTree = "<group>"; };
		049ED9BD202079BD006D9A37 /* ChooseIdentityViewController.h */ = {isa = PBXFileReference; lastKnownFileType = sourcecode.c.h; path = ChooseIdentityViewController.h; sourceTree = "<group>"; };
		049ED9BE202079BD006D9A37 /* ChooseIdentityViewController.m */ = {isa = PBXFileReference; lastKnownFileType = sourcecode.c.objc; path = ChooseIdentityViewController.m; sourceTree = "<group>"; };
		04DA58AE20E4DE7700E78816 /* MapViewController.h */ = {isa = PBXFileReference; lastKnownFileType = sourcecode.c.h; path = MapViewController.h; sourceTree = "<group>"; };
		04DA58AF20E4DE7700E78816 /* MapViewController.m */ = {isa = PBXFileReference; lastKnownFileType = sourcecode.c.objc; path = MapViewController.m; sourceTree = "<group>"; };
		04DAE84B2009B0A500BF4127 /* BatteryView.xib */ = {isa = PBXFileReference; lastKnownFileType = file.xib; path = BatteryView.xib; sourceTree = "<group>"; };
		04E1B1D9200C56B3007FC2DB /* LeftDrawerViewController.h */ = {isa = PBXFileReference; lastKnownFileType = sourcecode.c.h; path = LeftDrawerViewController.h; sourceTree = "<group>"; };
		04E1B1DA200C56B3007FC2DB /* LeftDrawerViewController.m */ = {isa = PBXFileReference; lastKnownFileType = sourcecode.c.objc; path = LeftDrawerViewController.m; sourceTree = "<group>"; };
		04ED0EA42052318B00638850 /* MyDeviceTableViewController.h */ = {isa = PBXFileReference; lastKnownFileType = sourcecode.c.h; path = MyDeviceTableViewController.h; sourceTree = "<group>"; };
		04ED0EA52052318B00638850 /* MyDeviceTableViewController.m */ = {isa = PBXFileReference; lastKnownFileType = sourcecode.c.objc; path = MyDeviceTableViewController.m; sourceTree = "<group>"; };
		613985788A67E8DBDCBA9A7C /* Pods-P06A.release.xcconfig */ = {isa = PBXFileReference; includeInIndex = 1; lastKnownFileType = text.xcconfig; name = "Pods-P06A.release.xcconfig"; path = "Pods/Target Support Files/Pods-P06A/Pods-P06A.release.xcconfig"; sourceTree = "<group>"; };
		B91FA2BEDD806EC10A0D366A /* libPods-P06A.a */ = {isa = PBXFileReference; explicitFileType = archive.ar; includeInIndex = 0; path = "libPods-P06A.a"; sourceTree = BUILT_PRODUCTS_DIR; };
		F002325A7AB1683275D2322D /* Pods-P06A.debug.xcconfig */ = {isa = PBXFileReference; includeInIndex = 1; lastKnownFileType = text.xcconfig; name = "Pods-P06A.debug.xcconfig"; path = "Pods/Target Support Files/Pods-P06A/Pods-P06A.debug.xcconfig"; sourceTree = "<group>"; };
/* End PBXFileReference section */

/* Begin PBXFrameworksBuildPhase section */
		0469FEA31FFE0C75002E25C3 /* Frameworks */ = {
			isa = PBXFrameworksBuildPhase;
			buildActionMask = 2147483647;
			files = (
				B950FFB58DAF7D05F342B0A7 /* libPods-P06A.a in Frameworks */,
			);
			runOnlyForDeploymentPostprocessing = 0;
		};
		0469FEBB1FFE0C75002E25C3 /* Frameworks */ = {
			isa = PBXFrameworksBuildPhase;
			buildActionMask = 2147483647;
			files = (
			);
			runOnlyForDeploymentPostprocessing = 0;
		};
		0469FEC61FFE0C75002E25C3 /* Frameworks */ = {
			isa = PBXFrameworksBuildPhase;
			buildActionMask = 2147483647;
			files = (
			);
			runOnlyForDeploymentPostprocessing = 0;
		};
/* End PBXFrameworksBuildPhase section */

/* Begin PBXGroup section */
		04040DE22003476F009D3509 /* DataAnalyze */ = {
			isa = PBXGroup;
			children = (
				04040DDE20034759009D3509 /* Pack.h */,
				04040DDD20034758009D3509 /* Pack.m */,
				04040DDF20034759009D3509 /* Unpack.h */,
				04040DDC20034758009D3509 /* Unpack.m */,
			);
			path = DataAnalyze;
			sourceTree = "<group>";
		};
		040D1E97200F3AA30010FF47 /* Login */ = {
			isa = PBXGroup;
			children = (
				040D1E94200F3A9B0010FF47 /* LoginViewController.h */,
				040D1E95200F3A9B0010FF47 /* LoginViewController.m */,
				049C3D4720EC7E810079F662 /* LoginWithPhoneViewController.h */,
				049C3D4820EC7E810079F662 /* LoginWithPhoneViewController.m */,
				04787BE32110186F00992FA3 /* PhoneLoginViewController.h */,
				04787BE42110186F00992FA3 /* PhoneLoginViewController.m */,
				04787BE62110188300992FA3 /* PasswordLoginViewController.h */,
				04787BE72110188300992FA3 /* PasswordLoginViewController.m */,
			);
			path = Login;
			sourceTree = "<group>";
		};
		04118BB41FFE23940054BC15 /* Admin */ = {
			isa = PBXGroup;
			children = (
				04118BB51FFE28A30054BC15 /* AdminHomeViewController.h */,
				04118BB61FFE28A30054BC15 /* AdminHomeViewController.m */,
				04118BB11FFE23860054BC15 /* UpgradeOnlineViewController.h */,
				04118BB21FFE23860054BC15 /* UpgradeOnlineViewController.m */,
			);
			path = Admin;
			sourceTree = "<group>";
		};
		04118BBB1FFE2BDE0054BC15 /* User */ = {
			isa = PBXGroup;
			children = (
				049B57CE204E46FA0072F7A4 /* Report */,
				04349F4F2028292F001FFEC5 /* BLERecordViewController.h */,
				04349F502028292F001FFEC5 /* BLERecordViewController.m */,
				045930F2204511A6003F6BDC /* ServerRecordViewController.h */,
				045930F3204511A6003F6BDC /* ServerRecordViewController.m */,
				04118BB81FFE2BD90054BC15 /* UserHomeViewController.h */,
				04118BB91FFE2BD90054BC15 /* UserHomeViewController.m */,
				04672BB42005F128007D8410 /* BLECommunicationViewController.h */,
				04672BB52005F128007D8410 /* BLECommunicationViewController.m */,
				0453324420293D8E00B63C58 /* MQTTCommunicationViewController.h */,
				0453324520293D8E00B63C58 /* MQTTCommunicationViewController.m */,
				04892F6B202403BB00100545 /* SetTreatmentParameterController.h */,
				04892F6C202403BB00100545 /* SetTreatmentParameterController.m */,
				04150EF62011971C007EAC85 /* GuideBindDeviceViewController.h */,
				04150EF72011971C007EAC85 /* GuideBindDeviceViewController.m */,
				04150EF92011C9DD007EAC85 /* SearchBLEViewController.h */,
				04150EFA2011C9DD007EAC85 /* SearchBLEViewController.m */,
				04ED0EA42052318B00638850 /* MyDeviceTableViewController.h */,
				04ED0EA52052318B00638850 /* MyDeviceTableViewController.m */,
				04DA58AE20E4DE7700E78816 /* MapViewController.h */,
				04DA58AF20E4DE7700E78816 /* MapViewController.m */,
			);
			path = User;
			sourceTree = "<group>";
		};
		042B90B520EB5AF600579CB5 /* NetworkHelper */ = {
			isa = PBXGroup;
			children = (
				042B90B620EB5AF600579CB5 /* HttpResponse.h */,
				042B90B720EB5AF600579CB5 /* HttpResponse.m */,
				042B90B820EB5AF600579CB5 /* NetWorkTool.h */,
				042B90B920EB5AF600579CB5 /* NetWorkTool.m */,
			);
			path = NetworkHelper;
			sourceTree = "<group>";
		};
		043A38AF202AD66000835BDD /* AAChartKitLib */ = {
			isa = PBXGroup;
			children = (
				043A38B0202AD66000835BDD /* AAChartConfiger */,
				043A38BD202AD66000835BDD /* AAJSFiles */,
				043A38C3202AD66000835BDD /* AAOptionsModel */,
			);
			path = AAChartKitLib;
			sourceTree = "<group>";
		};
		043A38B0202AD66000835BDD /* AAChartConfiger */ = {
			isa = PBXGroup;
			children = (
				043A38B1202AD66000835BDD /* AAChartKit.h */,
				043A38B2202AD66000835BDD /* AAChartModel.h */,
				043A38B3202AD66000835BDD /* AAChartModel.m */,
				043A38B4202AD66000835BDD /* AAChartView.h */,
				043A38B5202AD66000835BDD /* AAChartView.m */,
				043A38B6202AD66000835BDD /* AAGlobalMacro.h */,
				043A38B7202AD66000835BDD /* AAJsonConverter.h */,
				043A38B8202AD66000835BDD /* AAJsonConverter.m */,
				043A38B9202AD66000835BDD /* AAOptionsConstructor.h */,
				043A38BA202AD66000835BDD /* AAOptionsConstructor.m */,
				043A38BB202AD66000835BDD /* AASeriesElement.h */,
				043A38BC202AD66000835BDD /* AASeriesElement.m */,
			);
			path = AAChartConfiger;
			sourceTree = "<group>";
		};
		043A38BD202AD66000835BDD /* AAJSFiles */ = {
			isa = PBXGroup;
			children = (
				043A38BE202AD66000835BDD /* AAChartView.html */,
				043A38BF202AD66000835BDD /* AAFunnel.js */,
				043A38C0202AD66000835BDD /* AAHighcharts-3d.js */,
				043A38C1202AD66000835BDD /* AAHighchartsLib.js */,
				043A38C2202AD66000835BDD /* AAHighchartsMore.js */,
			);
			path = AAJSFiles;
			sourceTree = "<group>";
		};
		043A38C3202AD66000835BDD /* AAOptionsModel */ = {
			isa = PBXGroup;
			children = (
				043A38C4202AD66000835BDD /* AAAnimation.h */,
				043A38C5202AD66000835BDD /* AAAnimation.m */,
				043A38C6202AD66000835BDD /* AAArea.h */,
				043A38C7202AD66000835BDD /* AAArea.m */,
				043A38C8202AD66000835BDD /* AAAreaspline.h */,
				043A38C9202AD66000835BDD /* AAAreaspline.m */,
				043A38CA202AD66000835BDD /* AABar.h */,
				043A38CB202AD66000835BDD /* AABar.m */,
				043A38CC202AD66000835BDD /* AAChart.h */,
				043A38CD202AD66000835BDD /* AAChart.m */,
				043A38CE202AD66000835BDD /* AAColumn.h */,
				043A38CF202AD66000835BDD /* AAColumn.m */,
				043A38D0202AD66000835BDD /* AADataLabels.h */,
				043A38D1202AD66000835BDD /* AADataLabels.m */,
				043A38D2202AD66000835BDD /* AAItemStyle.h */,
				043A38D3202AD66000835BDD /* AAItemStyle.m */,
				043A38D4202AD66000835BDD /* AALabels.h */,
				043A38D5202AD66000835BDD /* AALabels.m */,
				043A38D6202AD66000835BDD /* AALegend.h */,
				043A38D7202AD66000835BDD /* AALegend.m */,
				043A38D8202AD66000835BDD /* AALine.h */,
				043A38D9202AD66000835BDD /* AALine.m */,
				043A38DA202AD66000835BDD /* AAMarker.h */,
				043A38DB202AD66000835BDD /* AAMarker.m */,
				043A38DC202AD66000835BDD /* AAOptions.h */,
				043A38DD202AD66000835BDD /* AAOptions.m */,
				043A38DE202AD66000835BDD /* AAOptions3d.h */,
				043A38DF202AD66000835BDD /* AAOptions3d.m */,
				043A38E0202AD66000835BDD /* AAPie.h */,
				043A38E1202AD66000835BDD /* AAPie.m */,
				043A38E2202AD66000835BDD /* AAPlotLinesElement.h */,
				043A38E3202AD66000835BDD /* AAPlotLinesElement.m */,
				043A38E4202AD66000835BDD /* AAPlotOptions.h */,
				043A38E5202AD66000835BDD /* AAPlotOptions.m */,
				043A38E6202AD66000835BDD /* AASeries.h */,
				043A38E7202AD66000835BDD /* AASeries.m */,
				043A38E8202AD66000835BDD /* AASpline.h */,
				043A38E9202AD66000835BDD /* AASpline.m */,
				043A38EA202AD66000835BDD /* AAStyle.h */,
				043A38EB202AD66000835BDD /* AAStyle.m */,
				043A38EC202AD66000835BDD /* AASubtitle.h */,
				043A38ED202AD66000835BDD /* AASubtitle.m */,
				043A38EE202AD66000835BDD /* AATitle.h */,
				043A38EF202AD66000835BDD /* AATitle.m */,
				043A38F0202AD66000835BDD /* AATooltip.h */,
				043A38F1202AD66000835BDD /* AATooltip.m */,
				043A38F2202AD66000835BDD /* AAXAxis.h */,
				043A38F3202AD66000835BDD /* AAXAxis.m */,
				043A38F4202AD66000835BDD /* AAYAxis.h */,
				043A38F5202AD66000835BDD /* AAYAxis.m */,
			);
			path = AAOptionsModel;
			sourceTree = "<group>";
		};
		044C526520255C7F00923060 /* PressParameterSetView */ = {
			isa = PBXGroup;
			children = (
				044C526020255C4600923060 /* PressParameterSetView.h */,
				044C526120255C4600923060 /* PressParameterSetView.m */,
				044C526320255C6F00923060 /* PressParameterSetView.xib */,
			);
			path = PressParameterSetView;
			sourceTree = "<group>";
		};
		045129BF201872210054EDB3 /* LeftDrawer */ = {
			isa = PBXGroup;
			children = (
				04E1B1D9200C56B3007FC2DB /* LeftDrawerViewController.h */,
				04E1B1DA200C56B3007FC2DB /* LeftDrawerViewController.m */,
				0451F0C52019BAB80001A9D4 /* LeftHeaderView.h */,
				0451F0C62019BAB80001A9D4 /* LeftHeaderView.m */,
				04661DF32060A7D0002641D1 /* BaseHeader.h */,
				0451F0C92019BF300001A9D4 /* PersonalInfomationViewController.h */,
				0451F0CA2019BF300001A9D4 /* PersonalInfomationViewController.m */,
				04189E5E20E33BD10007156C /* ContactUSTableViewController.h */,
				04189E5F20E33BD10007156C /* ContactUSTableViewController.m */,
				0451F0CD2019C1220001A9D4 /* EditTableViewController.h */,
				0451F0CC2019C1220001A9D4 /* EditTableViewController.m */,
				0478C2C9204FE6F00000135D /* EditTreatAreaViewController.h */,
				0478C2CA204FE6F10000135D /* EditTreatAreaViewController.m */,
				045798AF21226961007EE5BE /* PhonenumViewController.h */,
				045798B021226961007EE5BE /* PhonenumViewController.m */,
				0464FC36212679090030E338 /* ChangePhoneNumViewController.h */,
				0464FC37212679090030E338 /* ChangePhoneNumViewController.m */,
				0464FC39212681BE0030E338 /* EnterVerificationCodeViewController.h */,
				0464FC3A212681BE0030E338 /* EnterVerificationCodeViewController.m */,
				044E02182124081C003B6C9D /* SettingViewController.h */,
				044E02192124081C003B6C9D /* SettingViewController.m */,
			);
			path = LeftDrawer;
			sourceTree = "<group>";
		};
		0453055C2046955100BC06BA /* TimeSetCell */ = {
			isa = PBXGroup;
			children = (
				04892F6E202463C500100545 /* TimeSetCell.h */,
				04892F6F202463C500100545 /* TimeSetCell.m */,
				04892F70202463C500100545 /* TimeSetCell.xib */,
			);
			path = TimeSetCell;
			sourceTree = "<group>";
		};
		0453055D2046957800BC06BA /* TreatmentRecordCell */ = {
			isa = PBXGroup;
			children = (
				04530557204659C500BC06BA /* TreatmentRecordCell.h */,
				04530558204659C500BC06BA /* TreatmentRecordCell.m */,
				04530559204659C500BC06BA /* TreatmentRecordCell.xib */,
			);
			path = TreatmentRecordCell;
			sourceTree = "<group>";
		};
		0469FE9D1FFE0C75002E25C3 = {
			isa = PBXGroup;
			children = (
				0469FEA81FFE0C75002E25C3 /* P06A */,
				0469FEC11FFE0C75002E25C3 /* P06ATests */,
				0469FECC1FFE0C75002E25C3 /* P06AUITests */,
				0469FEA71FFE0C75002E25C3 /* Products */,
				89898D7476BA94320D070DE4 /* Pods */,
				F0451743F5C1EC888DD9BD5B /* Frameworks */,
			);
			sourceTree = "<group>";
		};
		0469FEA71FFE0C75002E25C3 /* Products */ = {
			isa = PBXGroup;
			children = (
				0469FEA61FFE0C75002E25C3 /* P06A.app */,
				0469FEBE1FFE0C75002E25C3 /* P06ATests.xctest */,
				0469FEC91FFE0C75002E25C3 /* P06AUITests.xctest */,
			);
			name = Products;
			sourceTree = "<group>";
		};
		0469FEA81FFE0C75002E25C3 /* P06A */ = {
			isa = PBXGroup;
			children = (
				043A38AF202AD66000835BDD /* AAChartKitLib */,
				045129BF201872210054EDB3 /* LeftDrawer */,
				04040DE22003476F009D3509 /* DataAnalyze */,
				040D1E97200F3AA30010FF47 /* Login */,
				04118BB41FFE23940054BC15 /* Admin */,
				04118BBB1FFE2BDE0054BC15 /* User */,
				04769F0020085CAA0061E2FA /* Extension */,
				04769F0120085CCD0061E2FA /* Support Files */,
			);
			path = P06A;
			sourceTree = "<group>";
		};
		0469FEC11FFE0C75002E25C3 /* P06ATests */ = {
			isa = PBXGroup;
			children = (
				0469FEC21FFE0C75002E25C3 /* P06ATests.m */,
				0469FEC41FFE0C75002E25C3 /* Info.plist */,
			);
			path = P06ATests;
			sourceTree = "<group>";
		};
		0469FECC1FFE0C75002E25C3 /* P06AUITests */ = {
			isa = PBXGroup;
			children = (
				0469FECD1FFE0C75002E25C3 /* P06AUITests.m */,
				0469FECF1FFE0C75002E25C3 /* Info.plist */,
			);
			path = P06AUITests;
			sourceTree = "<group>";
		};
		04769EFF20085C660061E2FA /* ModeChooseView */ = {
			isa = PBXGroup;
			children = (
				04769EFA20085C440061E2FA /* ModeChooseView.h */,
				04769EFB20085C440061E2FA /* ModeChooseView.m */,
				04769EFD20085C570061E2FA /* ModeChooseView.xib */,
			);
			path = ModeChooseView;
			sourceTree = "<group>";
		};
		04769F0020085CAA0061E2FA /* Extension */ = {
			isa = PBXGroup;
			children = (
				044C526520255C7F00923060 /* PressParameterSetView */,
				04769EFF20085C660061E2FA /* ModeChooseView */,
				041D42691FFF232300EEA43C /* UIView+Tap.h */,
				041D426A1FFF232300EEA43C /* UIView+Tap.m */,
				047D489F2047F30D00DF7DF1 /* UIWebView+ConverToPDF.h */,
				047D48A02047F30D00DF7DF1 /* UIWebView+ConverToPDF.m */,
				043CA18F2027E93200713A3C /* UIViewController+BackButtonHandler.h */,
				043CA1902027E93200713A3C /* UIViewController+BackButtonHandler.m */,
				0451F0D02019CAEB0001A9D4 /* UIImage+ImageWithColor.h */,
				0451F0CF2019CAEB0001A9D4 /* UIImage+ImageWithColor.m */,
				0453055C2046955100BC06BA /* TimeSetCell */,
				0453055D2046957800BC06BA /* TreatmentRecordCell */,
			);
			path = Extension;
			sourceTree = "<group>";
		};
		04769F0120085CCD0061E2FA /* Support Files */ = {
			isa = PBXGroup;
			children = (
				042B90B520EB5AF600579CB5 /* NetworkHelper */,
				0469FEA91FFE0C75002E25C3 /* AppDelegate.h */,
				0469FEAA1FFE0C75002E25C3 /* AppDelegate.m */,
				043A38AC202AD3A200835BDD /* PrefixHeader.pch */,
				049ED9BD202079BD006D9A37 /* ChooseIdentityViewController.h */,
				049ED9BE202079BD006D9A37 /* ChooseIdentityViewController.m */,
				0469FEAF1FFE0C75002E25C3 /* Main.storyboard */,
				04DAE84B2009B0A500BF4127 /* BatteryView.xib */,
				0469FEB21FFE0C75002E25C3 /* Assets.xcassets */,
				0469FEB41FFE0C75002E25C3 /* LaunchScreen.storyboard */,
				0469FEB71FFE0C75002E25C3 /* Info.plist */,
				0469FEB81FFE0C75002E25C3 /* main.m */,
			);
			path = "Support Files";
			sourceTree = "<group>";
		};
		049B57CE204E46FA0072F7A4 /* Report */ = {
			isa = PBXGroup;
			children = (
				0478C2C7204FCB4A0000135D /* report.html */,
				048E92A02043EBD2009F8532 /* RecordTableViewCell.h */,
				048E92A12043EBD2009F8532 /* RecordTableViewCell.m */,
				047D489A2047AB7D00DF7DF1 /* RecordRepordViewController.h */,
				047D489B2047AB7D00DF7DF1 /* RecordRepordViewController.m */,
				049B57CB204E46EC0072F7A4 /* ReportComposer.h */,
				049B57CC204E46EC0072F7A4 /* ReportComposer.m */,
				049B57E3204E9ACA0072F7A4 /* CustomPrintPageRenderer.h */,
				049B57E4204E9ACA0072F7A4 /* CustomPrintPageRenderer.m */,
			);
			path = Report;
			sourceTree = "<group>";
		};
		89898D7476BA94320D070DE4 /* Pods */ = {
			isa = PBXGroup;
			children = (
				F002325A7AB1683275D2322D /* Pods-P06A.debug.xcconfig */,
				613985788A67E8DBDCBA9A7C /* Pods-P06A.release.xcconfig */,
			);
			name = Pods;
			sourceTree = "<group>";
		};
		F0451743F5C1EC888DD9BD5B /* Frameworks */ = {
			isa = PBXGroup;
			children = (
				B91FA2BEDD806EC10A0D366A /* libPods-P06A.a */,
			);
			name = Frameworks;
			sourceTree = "<group>";
		};
/* End PBXGroup section */

/* Begin PBXNativeTarget section */
		0469FEA51FFE0C75002E25C3 /* P06A */ = {
			isa = PBXNativeTarget;
			buildConfigurationList = 0469FED21FFE0C75002E25C3 /* Build configuration list for PBXNativeTarget "P06A" */;
			buildPhases = (
				51FCFFDC0DD96A24A9964E70 /* [CP] Check Pods Manifest.lock */,
				0469FEA21FFE0C75002E25C3 /* Sources */,
				0469FEA31FFE0C75002E25C3 /* Frameworks */,
				0469FEA41FFE0C75002E25C3 /* Resources */,
				4175B4A161CA3AA7EF564731 /* [CP] Copy Pods Resources */,
			);
			buildRules = (
			);
			dependencies = (
			);
			name = P06A;
			productName = P06A;
			productReference = 0469FEA61FFE0C75002E25C3 /* P06A.app */;
			productType = "com.apple.product-type.application";
		};
		0469FEBD1FFE0C75002E25C3 /* P06ATests */ = {
			isa = PBXNativeTarget;
			buildConfigurationList = 0469FED51FFE0C75002E25C3 /* Build configuration list for PBXNativeTarget "P06ATests" */;
			buildPhases = (
				0469FEBA1FFE0C75002E25C3 /* Sources */,
				0469FEBB1FFE0C75002E25C3 /* Frameworks */,
				0469FEBC1FFE0C75002E25C3 /* Resources */,
			);
			buildRules = (
			);
			dependencies = (
				0469FEC01FFE0C75002E25C3 /* PBXTargetDependency */,
			);
			name = P06ATests;
			productName = P06ATests;
			productReference = 0469FEBE1FFE0C75002E25C3 /* P06ATests.xctest */;
			productType = "com.apple.product-type.bundle.unit-test";
		};
		0469FEC81FFE0C75002E25C3 /* P06AUITests */ = {
			isa = PBXNativeTarget;
			buildConfigurationList = 0469FED81FFE0C75002E25C3 /* Build configuration list for PBXNativeTarget "P06AUITests" */;
			buildPhases = (
				0469FEC51FFE0C75002E25C3 /* Sources */,
				0469FEC61FFE0C75002E25C3 /* Frameworks */,
				0469FEC71FFE0C75002E25C3 /* Resources */,
			);
			buildRules = (
			);
			dependencies = (
				0469FECB1FFE0C75002E25C3 /* PBXTargetDependency */,
			);
			name = P06AUITests;
			productName = P06AUITests;
			productReference = 0469FEC91FFE0C75002E25C3 /* P06AUITests.xctest */;
			productType = "com.apple.product-type.bundle.ui-testing";
		};
/* End PBXNativeTarget section */

/* Begin PBXProject section */
		0469FE9E1FFE0C75002E25C3 /* Project object */ = {
			isa = PBXProject;
			attributes = {
				LastUpgradeCheck = 0940;
				ORGANIZATIONNAME = "Shenzhen Lifotronic Technology Co.,Ltd.";
				TargetAttributes = {
					0469FEA51FFE0C75002E25C3 = {
						CreatedOnToolsVersion = 9.1;
						ProvisioningStyle = Automatic;
					};
					0469FEBD1FFE0C75002E25C3 = {
						CreatedOnToolsVersion = 9.1;
						ProvisioningStyle = Automatic;
						TestTargetID = 0469FEA51FFE0C75002E25C3;
					};
					0469FEC81FFE0C75002E25C3 = {
						CreatedOnToolsVersion = 9.1;
						ProvisioningStyle = Automatic;
						TestTargetID = 0469FEA51FFE0C75002E25C3;
					};
				};
			};
			buildConfigurationList = 0469FEA11FFE0C75002E25C3 /* Build configuration list for PBXProject "P06A" */;
			compatibilityVersion = "Xcode 8.0";
			developmentRegion = en;
			hasScannedForEncodings = 0;
			knownRegions = (
				en,
				Base,
				"zh-Hans",
			);
			mainGroup = 0469FE9D1FFE0C75002E25C3;
			productRefGroup = 0469FEA71FFE0C75002E25C3 /* Products */;
			projectDirPath = "";
			projectRoot = "";
			targets = (
				0469FEA51FFE0C75002E25C3 /* P06A */,
				0469FEBD1FFE0C75002E25C3 /* P06ATests */,
				0469FEC81FFE0C75002E25C3 /* P06AUITests */,
			);
		};
/* End PBXProject section */

/* Begin PBXResourcesBuildPhase section */
		0469FEA41FFE0C75002E25C3 /* Resources */ = {
			isa = PBXResourcesBuildPhase;
			buildActionMask = 2147483647;
			files = (
				043A38FF202AD66000835BDD /* AAHighchartsMore.js in Resources */,
				04769EFE20085C570061E2FA /* ModeChooseView.xib in Resources */,
				043A38FC202AD66000835BDD /* AAFunnel.js in Resources */,
				04DAE84C2009B0A500BF4127 /* BatteryView.xib in Resources */,
				043A38FB202AD66000835BDD /* AAChartView.html in Resources */,
				0469FEB61FFE0C75002E25C3 /* LaunchScreen.storyboard in Resources */,
				043A38FE202AD66000835BDD /* AAHighchartsLib.js in Resources */,
				044C526420255C6F00923060 /* PressParameterSetView.xib in Resources */,
				043A38FD202AD66000835BDD /* AAHighcharts-3d.js in Resources */,
				0469FEB31FFE0C75002E25C3 /* Assets.xcassets in Resources */,
				0469FEB11FFE0C75002E25C3 /* Main.storyboard in Resources */,
				0453055B204659C500BC06BA /* TreatmentRecordCell.xib in Resources */,
				0478C2C8204FCB4A0000135D /* report.html in Resources */,
				04892F72202463C500100545 /* TimeSetCell.xib in Resources */,
			);
			runOnlyForDeploymentPostprocessing = 0;
		};
		0469FEBC1FFE0C75002E25C3 /* Resources */ = {
			isa = PBXResourcesBuildPhase;
			buildActionMask = 2147483647;
			files = (
			);
			runOnlyForDeploymentPostprocessing = 0;
		};
		0469FEC71FFE0C75002E25C3 /* Resources */ = {
			isa = PBXResourcesBuildPhase;
			buildActionMask = 2147483647;
			files = (
			);
			runOnlyForDeploymentPostprocessing = 0;
		};
/* End PBXResourcesBuildPhase section */

/* Begin PBXShellScriptBuildPhase section */
		4175B4A161CA3AA7EF564731 /* [CP] Copy Pods Resources */ = {
			isa = PBXShellScriptBuildPhase;
			buildActionMask = 2147483647;
			files = (
			);
			inputPaths = (
				"${SRCROOT}/Pods/Target Support Files/Pods-P06A/Pods-P06A-resources.sh",
				"${PODS_ROOT}/AMap2DMap/MAMapKit.framework/AMap.bundle",
				"${PODS_ROOT}/SVProgressHUD/SVProgressHUD/SVProgressHUD.bundle",
				"${PODS_ROOT}/UMengUShare/UShareSDK/UMSocialSDK/UMSocialSDKPromptResources.bundle",
				"${PODS_ROOT}/UMengUShare/UShareSDK/SocialLibraries/QQ/QQSDK/TencentOpenApi_IOS_Bundle.bundle",
				"${PODS_ROOT}/UMengUShare/UShareSDK/SocialLibraries/Sina/SinaSDK/WeiboSDK.bundle",
			);
			name = "[CP] Copy Pods Resources";
			outputPaths = (
				"${TARGET_BUILD_DIR}/${UNLOCALIZED_RESOURCES_FOLDER_PATH}/AMap.bundle",
				"${TARGET_BUILD_DIR}/${UNLOCALIZED_RESOURCES_FOLDER_PATH}/SVProgressHUD.bundle",
				"${TARGET_BUILD_DIR}/${UNLOCALIZED_RESOURCES_FOLDER_PATH}/UMSocialSDKPromptResources.bundle",
				"${TARGET_BUILD_DIR}/${UNLOCALIZED_RESOURCES_FOLDER_PATH}/TencentOpenApi_IOS_Bundle.bundle",
				"${TARGET_BUILD_DIR}/${UNLOCALIZED_RESOURCES_FOLDER_PATH}/WeiboSDK.bundle",
			);
			runOnlyForDeploymentPostprocessing = 0;
			shellPath = /bin/sh;
			shellScript = "\"${SRCROOT}/Pods/Target Support Files/Pods-P06A/Pods-P06A-resources.sh\"\n";
			showEnvVarsInLog = 0;
		};
		51FCFFDC0DD96A24A9964E70 /* [CP] Check Pods Manifest.lock */ = {
			isa = PBXShellScriptBuildPhase;
			buildActionMask = 2147483647;
			files = (
			);
			inputPaths = (
				"${PODS_PODFILE_DIR_PATH}/Podfile.lock",
				"${PODS_ROOT}/Manifest.lock",
			);
			name = "[CP] Check Pods Manifest.lock";
			outputPaths = (
				"$(DERIVED_FILE_DIR)/Pods-P06A-checkManifestLockResult.txt",
			);
			runOnlyForDeploymentPostprocessing = 0;
			shellPath = /bin/sh;
			shellScript = "diff \"${PODS_PODFILE_DIR_PATH}/Podfile.lock\" \"${PODS_ROOT}/Manifest.lock\" > /dev/null\nif [ $? != 0 ] ; then\n    # print error to STDERR\n    echo \"error: The sandbox is not in sync with the Podfile.lock. Run 'pod install' or update your CocoaPods installation.\" >&2\n    exit 1\nfi\n# This output is used by Xcode 'outputs' to avoid re-running this script phase.\necho \"SUCCESS\" > \"${SCRIPT_OUTPUT_FILE_0}\"\n";
			showEnvVarsInLog = 0;
		};
/* End PBXShellScriptBuildPhase section */

/* Begin PBXSourcesBuildPhase section */
		0469FEA21FFE0C75002E25C3 /* Sources */ = {
			isa = PBXSourcesBuildPhase;
			buildActionMask = 2147483647;
			files = (
				043A3904202AD66000835BDD /* AAChart.m in Sources */,
				04E1B1DB200C56B3007FC2DB /* LeftDrawerViewController.m in Sources */,
				043A3914202AD66000835BDD /* AASubtitle.m in Sources */,
				04892F71202463C500100545 /* TimeSetCell.m in Sources */,
				043A390F202AD66000835BDD /* AAPlotLinesElement.m in Sources */,
				049ED9BF202079BD006D9A37 /* ChooseIdentityViewController.m in Sources */,
				0451F0D12019CAEB0001A9D4 /* UIImage+ImageWithColor.m in Sources */,
				043A3917202AD66000835BDD /* AAXAxis.m in Sources */,
				043A390C202AD66000835BDD /* AAOptions.m in Sources */,
				043A38F7202AD66000835BDD /* AAChartView.m in Sources */,
				0464FC38212679090030E338 /* ChangePhoneNumViewController.m in Sources */,
				048E92A22043EBD2009F8532 /* RecordTableViewCell.m in Sources */,
				043A3907202AD66000835BDD /* AAItemStyle.m in Sources */,
				04892F6D202403BB00100545 /* SetTreatmentParameterController.m in Sources */,
				04769EFC20085C440061E2FA /* ModeChooseView.m in Sources */,
				043A38F9202AD66000835BDD /* AAOptionsConstructor.m in Sources */,
				04ED0EA62052318B00638850 /* MyDeviceTableViewController.m in Sources */,
				04040DE120034759009D3509 /* Pack.m in Sources */,
				043A3913202AD66000835BDD /* AAStyle.m in Sources */,
				043A3900202AD66000835BDD /* AAAnimation.m in Sources */,
				043A3915202AD66000835BDD /* AATitle.m in Sources */,
				042B90BB20EB5AF600579CB5 /* NetWorkTool.m in Sources */,
				043A390D202AD66000835BDD /* AAOptions3d.m in Sources */,
				043A3902202AD66000835BDD /* AAAreaspline.m in Sources */,
				044C526220255C4600923060 /* PressParameterSetView.m in Sources */,
				04040DE020034759009D3509 /* Unpack.m in Sources */,
				043A38FA202AD66000835BDD /* AASeriesElement.m in Sources */,
				0451F0CB2019BF310001A9D4 /* PersonalInfomationViewController.m in Sources */,
				047D489C2047AB7D00DF7DF1 /* RecordRepordViewController.m in Sources */,
				041D426B1FFF232300EEA43C /* UIView+Tap.m in Sources */,
				04787BE52110186F00992FA3 /* PhoneLoginViewController.m in Sources */,
				043A38F8202AD66000835BDD /* AAJsonConverter.m in Sources */,
				04118BBA1FFE2BD90054BC15 /* UserHomeViewController.m in Sources */,
				0453055A204659C500BC06BA /* TreatmentRecordCell.m in Sources */,
				0451F0C72019BAB80001A9D4 /* LeftHeaderView.m in Sources */,
				0469FEB91FFE0C75002E25C3 /* main.m in Sources */,
				043A3905202AD66000835BDD /* AAColumn.m in Sources */,
				043A3908202AD66000835BDD /* AALabels.m in Sources */,
				043A3918202AD66000835BDD /* AAYAxis.m in Sources */,
				045798B121226961007EE5BE /* PhonenumViewController.m in Sources */,
				04150EF82011971C007EAC85 /* GuideBindDeviceViewController.m in Sources */,
				049B57E5204E9ACA0072F7A4 /* CustomPrintPageRenderer.m in Sources */,
				04118BB31FFE23860054BC15 /* UpgradeOnlineViewController.m in Sources */,
				04DA58B020E4DE7700E78816 /* MapViewController.m in Sources */,
				040D1E96200F3A9B0010FF47 /* LoginViewController.m in Sources */,
				04150EFB2011C9DD007EAC85 /* SearchBLEViewController.m in Sources */,
				044E021A2124081C003B6C9D /* SettingViewController.m in Sources */,
				043A390E202AD66000835BDD /* AAPie.m in Sources */,
				0469FEAB1FFE0C75002E25C3 /* AppDelegate.m in Sources */,
				043A3910202AD66000835BDD /* AAPlotOptions.m in Sources */,
				043A3912202AD66000835BDD /* AASpline.m in Sources */,
				043A3911202AD66000835BDD /* AASeries.m in Sources */,
				0464FC3B212681BE0030E338 /* EnterVerificationCodeViewController.m in Sources */,
				04672BB62005F128007D8410 /* BLECommunicationViewController.m in Sources */,
				043CA1912027E93200713A3C /* UIViewController+BackButtonHandler.m in Sources */,
				047D48A12047F30D00DF7DF1 /* UIWebView+ConverToPDF.m in Sources */,
				049C3D4920EC7E810079F662 /* LoginWithPhoneViewController.m in Sources */,
				04349F512028292F001FFEC5 /* BLERecordViewController.m in Sources */,
				042B90BA20EB5AF600579CB5 /* HttpResponse.m in Sources */,
				043A38F6202AD66000835BDD /* AAChartModel.m in Sources */,
				045930F4204511A6003F6BDC /* ServerRecordViewController.m in Sources */,
				043A3916202AD66000835BDD /* AATooltip.m in Sources */,
				04787BE82110188300992FA3 /* PasswordLoginViewController.m in Sources */,
				043A390B202AD66000835BDD /* AAMarker.m in Sources */,
				0478C2CB204FE6F10000135D /* EditTreatAreaViewController.m in Sources */,
				04118BB71FFE28A30054BC15 /* AdminHomeViewController.m in Sources */,
				0453324620293D8E00B63C58 /* MQTTCommunicationViewController.m in Sources */,
				043A3906202AD66000835BDD /* AADataLabels.m in Sources */,
				043A3903202AD66000835BDD /* AABar.m in Sources */,
				04189E6020E33BD10007156C /* ContactUSTableViewController.m in Sources */,
				049B57CD204E46EC0072F7A4 /* ReportComposer.m in Sources */,
				043A3901202AD66000835BDD /* AAArea.m in Sources */,
				043A390A202AD66000835BDD /* AALine.m in Sources */,
				043A3909202AD66000835BDD /* AALegend.m in Sources */,
				0451F0CE2019C1220001A9D4 /* EditTableViewController.m in Sources */,
			);
			runOnlyForDeploymentPostprocessing = 0;
		};
		0469FEBA1FFE0C75002E25C3 /* Sources */ = {
			isa = PBXSourcesBuildPhase;
			buildActionMask = 2147483647;
			files = (
				0469FEC31FFE0C75002E25C3 /* P06ATests.m in Sources */,
			);
			runOnlyForDeploymentPostprocessing = 0;
		};
		0469FEC51FFE0C75002E25C3 /* Sources */ = {
			isa = PBXSourcesBuildPhase;
			buildActionMask = 2147483647;
			files = (
				0469FECE1FFE0C75002E25C3 /* P06AUITests.m in Sources */,
			);
			runOnlyForDeploymentPostprocessing = 0;
		};
/* End PBXSourcesBuildPhase section */

/* Begin PBXTargetDependency section */
		0469FEC01FFE0C75002E25C3 /* PBXTargetDependency */ = {
			isa = PBXTargetDependency;
			target = 0469FEA51FFE0C75002E25C3 /* P06A */;
			targetProxy = 0469FEBF1FFE0C75002E25C3 /* PBXContainerItemProxy */;
		};
		0469FECB1FFE0C75002E25C3 /* PBXTargetDependency */ = {
			isa = PBXTargetDependency;
			target = 0469FEA51FFE0C75002E25C3 /* P06A */;
			targetProxy = 0469FECA1FFE0C75002E25C3 /* PBXContainerItemProxy */;
		};
/* End PBXTargetDependency section */

/* Begin PBXVariantGroup section */
		0469FEAF1FFE0C75002E25C3 /* Main.storyboard */ = {
			isa = PBXVariantGroup;
			children = (
				0469FEB01FFE0C75002E25C3 /* Base */,
			);
			name = Main.storyboard;
			sourceTree = "<group>";
		};
		0469FEB41FFE0C75002E25C3 /* LaunchScreen.storyboard */ = {
			isa = PBXVariantGroup;
			children = (
				0469FEB51FFE0C75002E25C3 /* Base */,
			);
			name = LaunchScreen.storyboard;
			sourceTree = "<group>";
		};
/* End PBXVariantGroup section */

/* Begin XCBuildConfiguration section */
		0469FED01FFE0C75002E25C3 /* Debug */ = {
			isa = XCBuildConfiguration;
			buildSettings = {
				ALWAYS_SEARCH_USER_PATHS = NO;
				CLANG_ANALYZER_LOCALIZABILITY_NONLOCALIZED = YES;
				CLANG_ANALYZER_NONNULL = YES;
				CLANG_ANALYZER_NUMBER_OBJECT_CONVERSION = YES_AGGRESSIVE;
				CLANG_CXX_LANGUAGE_STANDARD = "gnu++14";
				CLANG_CXX_LIBRARY = "libc++";
				CLANG_ENABLE_MODULES = YES;
				CLANG_ENABLE_OBJC_ARC = YES;
				CLANG_WARN_BLOCK_CAPTURE_AUTORELEASING = YES;
				CLANG_WARN_BOOL_CONVERSION = YES;
				CLANG_WARN_COMMA = YES;
				CLANG_WARN_CONSTANT_CONVERSION = YES;
				CLANG_WARN_DEPRECATED_OBJC_IMPLEMENTATIONS = YES;
				CLANG_WARN_DIRECT_OBJC_ISA_USAGE = YES_ERROR;
				CLANG_WARN_DOCUMENTATION_COMMENTS = YES;
				CLANG_WARN_EMPTY_BODY = YES;
				CLANG_WARN_ENUM_CONVERSION = YES;
				CLANG_WARN_INFINITE_RECURSION = YES;
				CLANG_WARN_INT_CONVERSION = YES;
				CLANG_WARN_NON_LITERAL_NULL_CONVERSION = YES;
				CLANG_WARN_OBJC_IMPLICIT_RETAIN_SELF = YES;
				CLANG_WARN_OBJC_LITERAL_CONVERSION = YES;
				CLANG_WARN_OBJC_ROOT_CLASS = YES_ERROR;
				CLANG_WARN_RANGE_LOOP_ANALYSIS = YES;
				CLANG_WARN_STRICT_PROTOTYPES = YES;
				CLANG_WARN_SUSPICIOUS_MOVE = YES;
				CLANG_WARN_UNGUARDED_AVAILABILITY = YES_AGGRESSIVE;
				CLANG_WARN_UNREACHABLE_CODE = YES;
				CLANG_WARN__DUPLICATE_METHOD_MATCH = YES;
				CODE_SIGN_IDENTITY = "iPhone Developer";
				COPY_PHASE_STRIP = NO;
				DEBUG_INFORMATION_FORMAT = dwarf;
				ENABLE_STRICT_OBJC_MSGSEND = YES;
				ENABLE_TESTABILITY = YES;
				GCC_C_LANGUAGE_STANDARD = gnu11;
				GCC_DYNAMIC_NO_PIC = NO;
				GCC_NO_COMMON_BLOCKS = YES;
				GCC_OPTIMIZATION_LEVEL = 0;
				GCC_PREPROCESSOR_DEFINITIONS = (
					"DEBUG=1",
					"$(inherited)",
				);
				GCC_WARN_64_TO_32_BIT_CONVERSION = YES;
				GCC_WARN_ABOUT_RETURN_TYPE = YES_ERROR;
				GCC_WARN_UNDECLARED_SELECTOR = YES;
				GCC_WARN_UNINITIALIZED_AUTOS = YES_AGGRESSIVE;
				GCC_WARN_UNUSED_FUNCTION = YES;
				GCC_WARN_UNUSED_VARIABLE = YES;
				IPHONEOS_DEPLOYMENT_TARGET = 10.0;
				MTL_ENABLE_DEBUG_INFO = YES;
				ONLY_ACTIVE_ARCH = YES;
				SDKROOT = iphoneos;
			};
			name = Debug;
		};
		0469FED11FFE0C75002E25C3 /* Release */ = {
			isa = XCBuildConfiguration;
			buildSettings = {
				ALWAYS_SEARCH_USER_PATHS = NO;
				CLANG_ANALYZER_LOCALIZABILITY_NONLOCALIZED = YES;
				CLANG_ANALYZER_NONNULL = YES;
				CLANG_ANALYZER_NUMBER_OBJECT_CONVERSION = YES_AGGRESSIVE;
				CLANG_CXX_LANGUAGE_STANDARD = "gnu++14";
				CLANG_CXX_LIBRARY = "libc++";
				CLANG_ENABLE_MODULES = YES;
				CLANG_ENABLE_OBJC_ARC = YES;
				CLANG_WARN_BLOCK_CAPTURE_AUTORELEASING = YES;
				CLANG_WARN_BOOL_CONVERSION = YES;
				CLANG_WARN_COMMA = YES;
				CLANG_WARN_CONSTANT_CONVERSION = YES;
				CLANG_WARN_DEPRECATED_OBJC_IMPLEMENTATIONS = YES;
				CLANG_WARN_DIRECT_OBJC_ISA_USAGE = YES_ERROR;
				CLANG_WARN_DOCUMENTATION_COMMENTS = YES;
				CLANG_WARN_EMPTY_BODY = YES;
				CLANG_WARN_ENUM_CONVERSION = YES;
				CLANG_WARN_INFINITE_RECURSION = YES;
				CLANG_WARN_INT_CONVERSION = YES;
				CLANG_WARN_NON_LITERAL_NULL_CONVERSION = YES;
				CLANG_WARN_OBJC_IMPLICIT_RETAIN_SELF = YES;
				CLANG_WARN_OBJC_LITERAL_CONVERSION = YES;
				CLANG_WARN_OBJC_ROOT_CLASS = YES_ERROR;
				CLANG_WARN_RANGE_LOOP_ANALYSIS = YES;
				CLANG_WARN_STRICT_PROTOTYPES = YES;
				CLANG_WARN_SUSPICIOUS_MOVE = YES;
				CLANG_WARN_UNGUARDED_AVAILABILITY = YES_AGGRESSIVE;
				CLANG_WARN_UNREACHABLE_CODE = YES;
				CLANG_WARN__DUPLICATE_METHOD_MATCH = YES;
				CODE_SIGN_IDENTITY = "iPhone Developer";
				COPY_PHASE_STRIP = NO;
				DEBUG_INFORMATION_FORMAT = "dwarf-with-dsym";
				ENABLE_NS_ASSERTIONS = NO;
				ENABLE_STRICT_OBJC_MSGSEND = YES;
				GCC_C_LANGUAGE_STANDARD = gnu11;
				GCC_NO_COMMON_BLOCKS = YES;
				GCC_WARN_64_TO_32_BIT_CONVERSION = YES;
				GCC_WARN_ABOUT_RETURN_TYPE = YES_ERROR;
				GCC_WARN_UNDECLARED_SELECTOR = YES;
				GCC_WARN_UNINITIALIZED_AUTOS = YES_AGGRESSIVE;
				GCC_WARN_UNUSED_FUNCTION = YES;
				GCC_WARN_UNUSED_VARIABLE = YES;
				IPHONEOS_DEPLOYMENT_TARGET = 10.0;
				MTL_ENABLE_DEBUG_INFO = NO;
				SDKROOT = iphoneos;
				VALIDATE_PRODUCT = YES;
			};
			name = Release;
		};
		0469FED31FFE0C75002E25C3 /* Debug */ = {
			isa = XCBuildConfiguration;
			baseConfigurationReference = F002325A7AB1683275D2322D /* Pods-P06A.debug.xcconfig */;
			buildSettings = {
				ASSETCATALOG_COMPILER_APPICON_NAME = AppIcon;
				CODE_SIGN_STYLE = Automatic;
				DEVELOPMENT_TEAM = A457Z9M6ER;
				GCC_INCREASE_PRECOMPILED_HEADER_SHARING = YES;
				GCC_PRECOMPILE_PREFIX_HEADER = YES;
				GCC_PREFIX_HEADER = "$(SRCROOT)/P06A/Support Files/PrefixHeader.pch";
				INFOPLIST_FILE = "$(SRCROOT)/P06A/Support Files/Info.plist";
				IPHONEOS_DEPLOYMENT_TARGET = 9.0;
				LD_RUNPATH_SEARCH_PATHS = "$(inherited) @executable_path/Frameworks";
				PRODUCT_BUNDLE_IDENTIFIER = com.Lifotronic.P06A;
				PRODUCT_NAME = "$(TARGET_NAME)";
				TARGETED_DEVICE_FAMILY = "1,2";
			};
			name = Debug;
		};
		0469FED41FFE0C75002E25C3 /* Release */ = {
			isa = XCBuildConfiguration;
			baseConfigurationReference = 613985788A67E8DBDCBA9A7C /* Pods-P06A.release.xcconfig */;
			buildSettings = {
				ASSETCATALOG_COMPILER_APPICON_NAME = AppIcon;
				CODE_SIGN_STYLE = Automatic;
				DEVELOPMENT_TEAM = A457Z9M6ER;
				GCC_INCREASE_PRECOMPILED_HEADER_SHARING = YES;
				GCC_PRECOMPILE_PREFIX_HEADER = YES;
				GCC_PREFIX_HEADER = "$(SRCROOT)/P06A/Support Files/PrefixHeader.pch";
				INFOPLIST_FILE = "$(SRCROOT)/P06A/Support Files/Info.plist";
				IPHONEOS_DEPLOYMENT_TARGET = 9.0;
				LD_RUNPATH_SEARCH_PATHS = "$(inherited) @executable_path/Frameworks";
				PRODUCT_BUNDLE_IDENTIFIER = com.Lifotronic.P06A;
				PRODUCT_NAME = "$(TARGET_NAME)";
				TARGETED_DEVICE_FAMILY = "1,2";
			};
			name = Release;
		};
		0469FED61FFE0C75002E25C3 /* Debug */ = {
			isa = XCBuildConfiguration;
			buildSettings = {
				BUNDLE_LOADER = "$(TEST_HOST)";
				CODE_SIGN_STYLE = Automatic;
				DEVELOPMENT_TEAM = A457Z9M6ER;
				INFOPLIST_FILE = P06ATests/Info.plist;
				LD_RUNPATH_SEARCH_PATHS = "$(inherited) @executable_path/Frameworks @loader_path/Frameworks";
				PRODUCT_BUNDLE_IDENTIFIER = com.Lifotronic.P06ATests;
				PRODUCT_NAME = "$(TARGET_NAME)";
				TARGETED_DEVICE_FAMILY = "1,2";
				TEST_HOST = "$(BUILT_PRODUCTS_DIR)/P06A.app/P06A";
			};
			name = Debug;
		};
		0469FED71FFE0C75002E25C3 /* Release */ = {
			isa = XCBuildConfiguration;
			buildSettings = {
				BUNDLE_LOADER = "$(TEST_HOST)";
				CODE_SIGN_STYLE = Automatic;
				DEVELOPMENT_TEAM = A457Z9M6ER;
				INFOPLIST_FILE = P06ATests/Info.plist;
				LD_RUNPATH_SEARCH_PATHS = "$(inherited) @executable_path/Frameworks @loader_path/Frameworks";
				PRODUCT_BUNDLE_IDENTIFIER = com.Lifotronic.P06ATests;
				PRODUCT_NAME = "$(TARGET_NAME)";
				TARGETED_DEVICE_FAMILY = "1,2";
				TEST_HOST = "$(BUILT_PRODUCTS_DIR)/P06A.app/P06A";
			};
			name = Release;
		};
		0469FED91FFE0C75002E25C3 /* Debug */ = {
			isa = XCBuildConfiguration;
			buildSettings = {
				CODE_SIGN_STYLE = Automatic;
				DEVELOPMENT_TEAM = A457Z9M6ER;
				INFOPLIST_FILE = P06AUITests/Info.plist;
				LD_RUNPATH_SEARCH_PATHS = "$(inherited) @executable_path/Frameworks @loader_path/Frameworks";
				PRODUCT_BUNDLE_IDENTIFIER = com.Lifotronic.P06AUITests;
				PRODUCT_NAME = "$(TARGET_NAME)";
				TARGETED_DEVICE_FAMILY = "1,2";
				TEST_TARGET_NAME = P06A;
			};
			name = Debug;
		};
		0469FEDA1FFE0C75002E25C3 /* Release */ = {
			isa = XCBuildConfiguration;
			buildSettings = {
				CODE_SIGN_STYLE = Automatic;
				DEVELOPMENT_TEAM = A457Z9M6ER;
				INFOPLIST_FILE = P06AUITests/Info.plist;
				LD_RUNPATH_SEARCH_PATHS = "$(inherited) @executable_path/Frameworks @loader_path/Frameworks";
				PRODUCT_BUNDLE_IDENTIFIER = com.Lifotronic.P06AUITests;
				PRODUCT_NAME = "$(TARGET_NAME)";
				TARGETED_DEVICE_FAMILY = "1,2";
				TEST_TARGET_NAME = P06A;
			};
			name = Release;
		};
/* End XCBuildConfiguration section */

/* Begin XCConfigurationList section */
		0469FEA11FFE0C75002E25C3 /* Build configuration list for PBXProject "P06A" */ = {
			isa = XCConfigurationList;
			buildConfigurations = (
				0469FED01FFE0C75002E25C3 /* Debug */,
				0469FED11FFE0C75002E25C3 /* Release */,
			);
			defaultConfigurationIsVisible = 0;
			defaultConfigurationName = Release;
		};
		0469FED21FFE0C75002E25C3 /* Build configuration list for PBXNativeTarget "P06A" */ = {
			isa = XCConfigurationList;
			buildConfigurations = (
				0469FED31FFE0C75002E25C3 /* Debug */,
				0469FED41FFE0C75002E25C3 /* Release */,
			);
			defaultConfigurationIsVisible = 0;
			defaultConfigurationName = Release;
		};
		0469FED51FFE0C75002E25C3 /* Build configuration list for PBXNativeTarget "P06ATests" */ = {
			isa = XCConfigurationList;
			buildConfigurations = (
				0469FED61FFE0C75002E25C3 /* Debug */,
				0469FED71FFE0C75002E25C3 /* Release */,
			);
			defaultConfigurationIsVisible = 0;
			defaultConfigurationName = Release;
		};
		0469FED81FFE0C75002E25C3 /* Build configuration list for PBXNativeTarget "P06AUITests" */ = {
			isa = XCConfigurationList;
			buildConfigurations = (
				0469FED91FFE0C75002E25C3 /* Debug */,
				0469FEDA1FFE0C75002E25C3 /* Release */,
			);
			defaultConfigurationIsVisible = 0;
			defaultConfigurationName = Release;
		};
/* End XCConfigurationList section */
	};
	rootObject = 0469FE9E1FFE0C75002E25C3 /* Project object */;
}
